
Microsoft Visual Studio Solution File, Format Version 12.00
# Visual Studio 2013
VisualStudioVersion = 12.0.21005.1
MinimumVisualStudioVersion = 10.0.40219.1
Project("{FAE04EC0-301F-11D3-BF4B-00C04F79EFBC}") = "Host", "Host\Host.csproj", "{0C102B01-5ABA-4CC9-B531-78ECC48390F3}"
EndProject
Project("{2150E333-8FDC-42A3-9474-1A3956D46DE8}") = "Plugins", "Plugins", "{A33C8EA5-8043-4FD3-88E7-EC271AB68849}"
EndProject
Project("{2150E333-8FDC-42A3-9474-1A3956D46DE8}") = "Advanced", "Advanced", "{252C7A9E-4C20-409B-B69F-DCF01A002287}"
EndProject
Project("{2150E333-8FDC-42A3-9474-1A3956D46DE8}") = "Accessibility", "Accessibility", "{E6C58F21-3F26-4CB5-BC4B-F960C6499033}"
EndProject
Project("{2150E333-8FDC-42A3-9474-1A3956D46DE8}") = "Commands", "Commands", "{ADA48170-FF14-4038-A48B-64608BA3F01F}"
EndProject
Project("{FAE04EC0-301F-11D3-BF4B-00C04F79EFBC}") = "ObjectExplorer", "Plugins\Advanced\ObjectExplorer\ObjectExplorer.csproj", "{AE818F3B-EB93-4C97-9FED-C3D503BA4327}"
EndProject
Project("{2150E333-8FDC-42A3-9474-1A3956D46DE8}") = "Services", "Services", "{03B3EFBD-880C-4ED6-9892-26C09E423919}"
EndProject
Project("{FAE04EC0-301F-11D3-BF4B-00C04F79EFBC}") = "CommonServices", "Plugins\Services\CommonServices\CommonServices.csproj", "{6C45425E-6768-42E3-B0A5-4D603EB14426}"
EndProject
Project("{FAE04EC0-301F-11D3-BF4B-00C04F79EFBC}") = "Host.Services", "Host.Services\Host.Services.csproj", "{97C12498-7A6E-4A87-8889-C965509443E8}"
EndProject
Project("{2150E333-8FDC-42A3-9474-1A3956D46DE8}") = "Library", "Library", "{8EC83040-9209-4193-AB59-9E8CED424582}"
EndProject
Project("{2150E333-8FDC-42A3-9474-1A3956D46DE8}") = "WPF", "WPF", "{B25D5EBB-16BB-4907-B699-DCFA34A0F05B}"
EndProject
Project("{FAE04EC0-301F-11D3-BF4B-00C04F79EFBC}") = "CK.WPF.ViewModel", "Library\WPF\CK.WPF.ViewModel\CK.WPF.ViewModel.csproj", "{B0336C23-51F9-4EEB-A49B-93543F3CD1BB}"
EndProject
Project("{2150E333-8FDC-42A3-9474-1A3956D46DE8}") = "Keyboard", "Keyboard", "{A4264AA6-41B6-4325-A916-D0D8E32305A7}"
EndProject
Project("{FAE04EC0-301F-11D3-BF4B-00C04F79EFBC}") = "CK.Keyboard.Model", "Library\Keyboard\CK.Keyboard.Model\CK.Keyboard.Model.csproj", "{B2E36713-7CDB-4304-B274-2AD75BC142C4}"
EndProject
Project("{FAE04EC0-301F-11D3-BF4B-00C04F79EFBC}") = "CK.WPF.Controls", "Library\WPF\CK.WPF.Controls\CK.WPF.Controls.csproj", "{6C0F25A7-6468-4D02-ABA4-DC7F1AD209E1}"
EndProject
Project("{FAE04EC0-301F-11D3-BF4B-00C04F79EFBC}") = "CommonTimer", "Plugins\Accessibility\CommonTimer\CommonTimer.csproj", "{B94AF1AE-B71D-4787-B47E-CE4FD6329679}"
EndProject
Project("{FAE04EC0-301F-11D3-BF4B-00C04F79EFBC}") = "CommonTimerWindow", "Plugins\Accessibility\CommonTimerWindow\CommonTimerWindow.csproj", "{052B31FE-C4AF-489F-909D-C3604C9355D6}"
EndProject
Project("{FAE04EC0-301F-11D3-BF4B-00C04F79EFBC}") = "PointerDeviceDriver", "Plugins\Accessibility\PointerDeviceDriver\PointerDeviceDriver.csproj", "{9001CBEA-480E-446A-A20E-EEEDDD99845D}"
EndProject
Project("{FAE04EC0-301F-11D3-BF4B-00C04F79EFBC}") = "MouseWatcher", "Plugins\Accessibility\MouseWatcher\MouseWatcher.csproj", "{4DC66DB3-7DAC-442A-AED8-4420EF8A1B95}"
EndProject
Project("{FAE04EC0-301F-11D3-BF4B-00C04F79EFBC}") = "AutoClick", "Plugins\Accessibility\AutoClick\AutoClick.csproj", "{B6F43DD4-B70B-4F1A-9005-BC0B553A21BB}"
EndProject
Project("{2150E333-8FDC-42A3-9474-1A3956D46DE8}") = "Application", "Application", "{4D15B383-2D16-44B7-BFD1-442FFA14FE60}"
EndProject
Project("{FAE04EC0-301F-11D3-BF4B-00C04F79EFBC}") = "SimpleSkin", "Plugins\Accessibility\SimpleSkin\SimpleSkin.csproj", "{6FFE0480-6C42-413B-B59D-78793AC651C7}"
EndProject
Project("{FAE04EC0-301F-11D3-BF4B-00C04F79EFBC}") = "CK.WPF.StandardViews", "Library\WPF\CK.WPF.StandardViews\CK.WPF.StandardViews.csproj", "{6F198D3D-39E5-4DE6-917E-DFB99AF31E3E}"
EndProject
Project("{FAE04EC0-301F-11D3-BF4B-00C04F79EFBC}") = "CK.Keyboard", "Plugins\Accessibility\Keyboard\CK.Keyboard.csproj", "{99BB5255-DEA7-4548-A402-9DB077D195B7}"
EndProject
Project("{FAE04EC0-301F-11D3-BF4B-00C04F79EFBC}") = "BasicCommandHandlers", "Plugins\Advanced\Commands\BasicCommandHandlers\BasicCommandHandlers.csproj", "{D0B46798-1A2E-420D-8B1D-1FCB3537E468}"
EndProject
Project("{FAE04EC0-301F-11D3-BF4B-00C04F79EFBC}") = "CommandManager", "Plugins\Advanced\Commands\CommandManager\CommandManager.csproj", "{8E610388-F400-4D3E-83A2-A91A04B55558}"
EndProject
Project("{FAE04EC0-301F-11D3-BF4B-00C04F79EFBC}") = "UpdateChecker", "Plugins\Advanced\UpdateChecker\UpdateChecker.csproj", "{03C74024-9C12-4C18-B782-16DA9559A42F}"
EndProject
Project("{FAE04EC0-301F-11D3-BF4B-00C04F79EFBC}") = "ServiceLogs", "Plugins\Advanced\ServiceLogs\ServiceLogs.csproj", "{994EA6CD-8E19-4D1E-860B-05CAE5A78862}"
EndProject
Project("{2150E333-8FDC-42A3-9474-1A3956D46DE8}") = ".nuget", ".nuget", "{76797FEA-147F-4690-B935-C55680768CE2}"
EndProject
Project("{FAE04EC0-301F-11D3-BF4B-00C04F79EFBC}") = "HighlightModel", "Plugins\Services\HighlightModel\HighlightModel.csproj", "{BB945194-C1F5-432A-B4AF-F9E46B665486}"
EndProject
Project("{FAE04EC0-301F-11D3-BF4B-00C04F79EFBC}") = "KeyboardEditor", "Plugins\Advanced\ContextEditor\KeyboardEditor.csproj", "{30ADB3D6-ED05-403D-BEEC-9862200126B0}"
EndProject
Project("{FAE04EC0-301F-11D3-BF4B-00C04F79EFBC}") = "Scroller", "Plugins\Accessibility\KeyScroller\Scroller.csproj", "{61618F4C-1288-401F-8644-77990429918C}"
	ProjectSection(ProjectDependencies) = postProject
		{BB945194-C1F5-432A-B4AF-F9E46B665486} = {BB945194-C1F5-432A-B4AF-F9E46B665486}
	EndProjectSection
EndProject
Project("{FAE04EC0-301F-11D3-BF4B-00C04F79EFBC}") = "CK.WordPredictor", "Plugins\Prediction\CK.WordPredictor\CK.WordPredictor.csproj", "{BA87C034-0B0A-487B-B5D2-A69744B7B288}"
EndProject
Project("{2150E333-8FDC-42A3-9474-1A3956D46DE8}") = "Tests", "Tests", "{1D94D6F0-A890-469B-831D-89100DD419B4}"
EndProject
Project("{FAE04EC0-301F-11D3-BF4B-00C04F79EFBC}") = "WordPredictorTest", "Tests\WordPredictorTest\WordPredictorTest.csproj", "{98E92129-086C-4C31-935C-D33B2234534D}"
EndProject
Project("{FAE04EC0-301F-11D3-BF4B-00C04F79EFBC}") = "CK.WordPredictor.Model", "Library\CK.WordPredictor.Model\CK.WordPredictor.Model.csproj", "{771CA644-F99F-4AAF-8554-F9DDC49CB01B}"
EndProject
Project("{FAE04EC0-301F-11D3-BF4B-00C04F79EFBC}") = "CK.WordPredictor.UI", "Plugins\Prediction\CK.WordPredictor.UI\CK.WordPredictor.UI.csproj", "{4CDC576F-47BD-4B76-B1A6-E2A8D7BBFF5C}"
EndProject
Project("{FAE04EC0-301F-11D3-BF4B-00C04F79EFBC}") = "CK.WordPredictor.Sybille", "Plugins\Prediction\CK.WordPredictor.Sybille\CK.WordPredictor.Sybille.csproj", "{AFC6CE94-4900-45B0-A334-46CF41AEE043}"
EndProject
Project("{2150E333-8FDC-42A3-9474-1A3956D46DE8}") = "Prediction", "Prediction", "{1E0AA38B-1E88-4CBD-A175-B1D89771F622}"
EndProject
Project("{FAE04EC0-301F-11D3-BF4B-00C04F79EFBC}") = "Help", "Plugins\Accessibility\Help\Help.csproj", "{C7FBC63F-0E23-4560-A00C-21D61B70F2DA}"
EndProject
Project("{FAE04EC0-301F-11D3-BF4B-00C04F79EFBC}") = "KeyboardEditorTests", "Tests\KeyboardEditorTests\KeyboardEditorTests.csproj", "{E227757A-98A8-4D48-847B-7686FC24C869}"
EndProject
Project("{FAE04EC0-301F-11D3-BF4B-00C04F79EFBC}") = "CK.Certified.WindowManager.Test", "Tests\CK.Certified.WindowManager.Test\CK.Certified.WindowManager.Test.csproj", "{31F41AB2-B70E-41F7-BB2F-E0A1AAFA2829}"
EndProject
Project("{FAE04EC0-301F-11D3-BF4B-00C04F79EFBC}") = "CK.WindowManager", "Plugins\Accessibility\CK.WindowManager\CK.WindowManager.csproj", "{968FC28C-D500-41AA-AB45-0FC4581B8713}"
EndProject
Project("{FAE04EC0-301F-11D3-BF4B-00C04F79EFBC}") = "CK.WindowManager.Model", "Library\CK.WindowManager.Model\CK.WindowManager.Model.csproj", "{FDA960F6-D429-4696-9306-B473DAE41E5B}"
EndProject
Project("{FAE04EC0-301F-11D3-BF4B-00C04F79EFBC}") = "InputTrigger", "Plugins\Accessibility\InputTrigger\InputTrigger.csproj", "{1B0EA719-1F21-4448-9FFA-BFAEBC78ECC4}"
EndProject
Project("{FAE04EC0-301F-11D3-BF4B-00C04F79EFBC}") = "HelpServices", "Plugins\Services\HelpServices\HelpServices.csproj", "{C8CF5699-C4DB-4C83-9A50-E3132D5304C2}"
EndProject
Project("{FAE04EC0-301F-11D3-BF4B-00C04F79EFBC}") = "FileLauncher", "Plugins\Accessibility\FileLauncher\FileLauncher.csproj", "{7EB6CE69-4761-4275-9B4D-2DAA192D3141}"
EndProject
Project("{FAE04EC0-301F-11D3-BF4B-00C04F79EFBC}") = "TextTemplate", "Plugins\Accessibility\TextTemplate\TextTemplate.csproj", "{1C375DA4-D92C-4C92-9D82-DE9F4C417842}"
EndProject
Project("{FAE04EC0-301F-11D3-BF4B-00C04F79EFBC}") = "MouseRadar", "Plugins\Accessibility\MouseRadar\MouseRadar.csproj", "{42BBFFFD-394B-49EC-9FE1-925D6A94EDBB}"
EndProject
Project("{FAE04EC0-301F-11D3-BF4B-00C04F79EFBC}") = "ScreenScroller", "Plugins\Accessibility\ScreenScroller\ScreenScroller.csproj", "{7BD6463E-559A-4A80-9100-50100DA3E62D}"
EndProject
Project("{FAE04EC0-301F-11D3-BF4B-00C04F79EFBC}") = "ProtocolManagerService", "Plugins\Advanced\ProtocolManagerService\ProtocolManagerService.csproj", "{54388789-C87A-41B0-8633-0800D5777E9B}"
EndProject
Project("{FAE04EC0-301F-11D3-BF4B-00C04F79EFBC}") = "ProtocolManagerModel", "Plugins\Services\ProtocolManagerModel\ProtocolManagerModel.csproj", "{F33B4C9F-D4EB-41EC-A0B7-A919612B6A03}"
EndProject
Project("{FAE04EC0-301F-11D3-BF4B-00C04F79EFBC}") = "SendInputDriver", "Plugins\Advanced\SendInputDriver\SendInputDriver.csproj", "{8FCFD0C1-E52B-49AB-BD58-EB134BC69601}"
EndProject
Project("{FAE04EC0-301F-11D3-BF4B-00C04F79EFBC}") = "KeyScrollerTests", "Tests\KeyScrollerTests\KeyScrollerTests.csproj", "{C0848978-D8D3-4B11-B8AC-B5EF737B454F}"
EndProject
Project("{FAE04EC0-301F-11D3-BF4B-00C04F79EFBC}") = "SnakeMode", "Plugins\Accessibility\SnakeMode\SnakeMode.csproj", "{D165040D-00F9-47AA-9883-3843B039A16A}"
EndProject
Project("{FAE04EC0-301F-11D3-BF4B-00C04F79EFBC}") = "ScrollerVisualizer", "Plugins\Accessibility\ScrollerVizualizer\ScrollerVisualizer.csproj", "{AA0F79DA-3BAB-4F41-9FF5-77C5809DB60D}"
EndProject
Project("{FAE04EC0-301F-11D3-BF4B-00C04F79EFBC}") = "SharedData", "Plugins\Advanced\SharedData\SharedData.csproj", "{373C34BF-D8D7-47B1-AB17-6F7FC221E94D}"
EndProject
Project("{FAE04EC0-301F-11D3-BF4B-00C04F79EFBC}") = "CK.WPF.Wizard", "Library\WPF\CK.WPF.Wizard\CK.WPF.Wizard.csproj", "{DD6F2CFF-00E9-4630-ABA8-5B58F765ABAF}"
EndProject
Global
	GlobalSection(SolutionConfigurationPlatforms) = preSolution
		Debug|Any CPU = Debug|Any CPU
		Debug|Mixed Platforms = Debug|Mixed Platforms
		Debug|x86 = Debug|x86
		Release|Any CPU = Release|Any CPU
		Release|Mixed Platforms = Release|Mixed Platforms
		Release|x86 = Release|x86
	EndGlobalSection
	GlobalSection(ProjectConfigurationPlatforms) = postSolution
		{0C102B01-5ABA-4CC9-B531-78ECC48390F3}.Debug|Any CPU.ActiveCfg = Debug|x86
		{0C102B01-5ABA-4CC9-B531-78ECC48390F3}.Debug|Any CPU.Build.0 = Debug|x86
		{0C102B01-5ABA-4CC9-B531-78ECC48390F3}.Debug|Mixed Platforms.ActiveCfg = Debug|x86
		{0C102B01-5ABA-4CC9-B531-78ECC48390F3}.Debug|Mixed Platforms.Build.0 = Debug|x86
		{0C102B01-5ABA-4CC9-B531-78ECC48390F3}.Debug|x86.ActiveCfg = Debug|x86
		{0C102B01-5ABA-4CC9-B531-78ECC48390F3}.Debug|x86.Build.0 = Debug|x86
		{0C102B01-5ABA-4CC9-B531-78ECC48390F3}.Release|Any CPU.ActiveCfg = Release|x86
		{0C102B01-5ABA-4CC9-B531-78ECC48390F3}.Release|Any CPU.Build.0 = Release|x86
		{0C102B01-5ABA-4CC9-B531-78ECC48390F3}.Release|Mixed Platforms.ActiveCfg = Release|x86
		{0C102B01-5ABA-4CC9-B531-78ECC48390F3}.Release|Mixed Platforms.Build.0 = Release|x86
		{0C102B01-5ABA-4CC9-B531-78ECC48390F3}.Release|x86.ActiveCfg = Release|x86
		{0C102B01-5ABA-4CC9-B531-78ECC48390F3}.Release|x86.Build.0 = Release|x86
		{AE818F3B-EB93-4C97-9FED-C3D503BA4327}.Debug|Any CPU.ActiveCfg = Debug|Any CPU
		{AE818F3B-EB93-4C97-9FED-C3D503BA4327}.Debug|Any CPU.Build.0 = Debug|Any CPU
		{AE818F3B-EB93-4C97-9FED-C3D503BA4327}.Debug|Mixed Platforms.ActiveCfg = Debug|Any CPU
		{AE818F3B-EB93-4C97-9FED-C3D503BA4327}.Debug|Mixed Platforms.Build.0 = Debug|Any CPU
		{AE818F3B-EB93-4C97-9FED-C3D503BA4327}.Debug|x86.ActiveCfg = Debug|Any CPU
		{AE818F3B-EB93-4C97-9FED-C3D503BA4327}.Release|Any CPU.ActiveCfg = Release|Any CPU
		{AE818F3B-EB93-4C97-9FED-C3D503BA4327}.Release|Any CPU.Build.0 = Release|Any CPU
		{AE818F3B-EB93-4C97-9FED-C3D503BA4327}.Release|Mixed Platforms.ActiveCfg = Release|Any CPU
		{AE818F3B-EB93-4C97-9FED-C3D503BA4327}.Release|Mixed Platforms.Build.0 = Release|Any CPU
		{AE818F3B-EB93-4C97-9FED-C3D503BA4327}.Release|x86.ActiveCfg = Release|Any CPU
		{6C45425E-6768-42E3-B0A5-4D603EB14426}.Debug|Any CPU.ActiveCfg = Debug|Any CPU
		{6C45425E-6768-42E3-B0A5-4D603EB14426}.Debug|Any CPU.Build.0 = Debug|Any CPU
		{6C45425E-6768-42E3-B0A5-4D603EB14426}.Debug|Mixed Platforms.ActiveCfg = Debug|Any CPU
		{6C45425E-6768-42E3-B0A5-4D603EB14426}.Debug|Mixed Platforms.Build.0 = Debug|Any CPU
		{6C45425E-6768-42E3-B0A5-4D603EB14426}.Debug|x86.ActiveCfg = Debug|Any CPU
		{6C45425E-6768-42E3-B0A5-4D603EB14426}.Release|Any CPU.ActiveCfg = Release|Any CPU
		{6C45425E-6768-42E3-B0A5-4D603EB14426}.Release|Any CPU.Build.0 = Release|Any CPU
		{6C45425E-6768-42E3-B0A5-4D603EB14426}.Release|Mixed Platforms.ActiveCfg = Release|Any CPU
		{6C45425E-6768-42E3-B0A5-4D603EB14426}.Release|Mixed Platforms.Build.0 = Release|Any CPU
		{6C45425E-6768-42E3-B0A5-4D603EB14426}.Release|x86.ActiveCfg = Release|Any CPU
		{97C12498-7A6E-4A87-8889-C965509443E8}.Debug|Any CPU.ActiveCfg = Debug|Any CPU
		{97C12498-7A6E-4A87-8889-C965509443E8}.Debug|Any CPU.Build.0 = Debug|Any CPU
		{97C12498-7A6E-4A87-8889-C965509443E8}.Debug|Mixed Platforms.ActiveCfg = Debug|Any CPU
		{97C12498-7A6E-4A87-8889-C965509443E8}.Debug|Mixed Platforms.Build.0 = Debug|Any CPU
		{97C12498-7A6E-4A87-8889-C965509443E8}.Debug|x86.ActiveCfg = Debug|Any CPU
		{97C12498-7A6E-4A87-8889-C965509443E8}.Release|Any CPU.ActiveCfg = Release|Any CPU
		{97C12498-7A6E-4A87-8889-C965509443E8}.Release|Any CPU.Build.0 = Release|Any CPU
		{97C12498-7A6E-4A87-8889-C965509443E8}.Release|Mixed Platforms.ActiveCfg = Release|Any CPU
		{97C12498-7A6E-4A87-8889-C965509443E8}.Release|Mixed Platforms.Build.0 = Release|Any CPU
		{97C12498-7A6E-4A87-8889-C965509443E8}.Release|x86.ActiveCfg = Release|Any CPU
		{B0336C23-51F9-4EEB-A49B-93543F3CD1BB}.Debug|Any CPU.ActiveCfg = Debug|Any CPU
		{B0336C23-51F9-4EEB-A49B-93543F3CD1BB}.Debug|Any CPU.Build.0 = Debug|Any CPU
		{B0336C23-51F9-4EEB-A49B-93543F3CD1BB}.Debug|Mixed Platforms.ActiveCfg = Debug|Any CPU
		{B0336C23-51F9-4EEB-A49B-93543F3CD1BB}.Debug|Mixed Platforms.Build.0 = Debug|Any CPU
		{B0336C23-51F9-4EEB-A49B-93543F3CD1BB}.Debug|x86.ActiveCfg = Debug|Any CPU
		{B0336C23-51F9-4EEB-A49B-93543F3CD1BB}.Release|Any CPU.ActiveCfg = Release|Any CPU
		{B0336C23-51F9-4EEB-A49B-93543F3CD1BB}.Release|Any CPU.Build.0 = Release|Any CPU
		{B0336C23-51F9-4EEB-A49B-93543F3CD1BB}.Release|Mixed Platforms.ActiveCfg = Release|Any CPU
		{B0336C23-51F9-4EEB-A49B-93543F3CD1BB}.Release|Mixed Platforms.Build.0 = Release|Any CPU
		{B0336C23-51F9-4EEB-A49B-93543F3CD1BB}.Release|x86.ActiveCfg = Release|Any CPU
		{B2E36713-7CDB-4304-B274-2AD75BC142C4}.Debug|Any CPU.ActiveCfg = Debug|Any CPU
		{B2E36713-7CDB-4304-B274-2AD75BC142C4}.Debug|Any CPU.Build.0 = Debug|Any CPU
		{B2E36713-7CDB-4304-B274-2AD75BC142C4}.Debug|Mixed Platforms.ActiveCfg = Debug|Any CPU
		{B2E36713-7CDB-4304-B274-2AD75BC142C4}.Debug|Mixed Platforms.Build.0 = Debug|Any CPU
		{B2E36713-7CDB-4304-B274-2AD75BC142C4}.Debug|x86.ActiveCfg = Debug|Any CPU
		{B2E36713-7CDB-4304-B274-2AD75BC142C4}.Release|Any CPU.ActiveCfg = Release|Any CPU
		{B2E36713-7CDB-4304-B274-2AD75BC142C4}.Release|Any CPU.Build.0 = Release|Any CPU
		{B2E36713-7CDB-4304-B274-2AD75BC142C4}.Release|Mixed Platforms.ActiveCfg = Release|Any CPU
		{B2E36713-7CDB-4304-B274-2AD75BC142C4}.Release|Mixed Platforms.Build.0 = Release|Any CPU
		{B2E36713-7CDB-4304-B274-2AD75BC142C4}.Release|x86.ActiveCfg = Release|Any CPU
		{6C0F25A7-6468-4D02-ABA4-DC7F1AD209E1}.Debug|Any CPU.ActiveCfg = Debug|Any CPU
		{6C0F25A7-6468-4D02-ABA4-DC7F1AD209E1}.Debug|Any CPU.Build.0 = Debug|Any CPU
		{6C0F25A7-6468-4D02-ABA4-DC7F1AD209E1}.Debug|Mixed Platforms.ActiveCfg = Debug|Any CPU
		{6C0F25A7-6468-4D02-ABA4-DC7F1AD209E1}.Debug|Mixed Platforms.Build.0 = Debug|Any CPU
		{6C0F25A7-6468-4D02-ABA4-DC7F1AD209E1}.Debug|x86.ActiveCfg = Debug|Any CPU
		{6C0F25A7-6468-4D02-ABA4-DC7F1AD209E1}.Release|Any CPU.ActiveCfg = Release|Any CPU
		{6C0F25A7-6468-4D02-ABA4-DC7F1AD209E1}.Release|Any CPU.Build.0 = Release|Any CPU
		{6C0F25A7-6468-4D02-ABA4-DC7F1AD209E1}.Release|Mixed Platforms.ActiveCfg = Release|Any CPU
		{6C0F25A7-6468-4D02-ABA4-DC7F1AD209E1}.Release|Mixed Platforms.Build.0 = Release|Any CPU
		{6C0F25A7-6468-4D02-ABA4-DC7F1AD209E1}.Release|x86.ActiveCfg = Release|Any CPU
		{B94AF1AE-B71D-4787-B47E-CE4FD6329679}.Debug|Any CPU.ActiveCfg = Debug|Any CPU
		{B94AF1AE-B71D-4787-B47E-CE4FD6329679}.Debug|Any CPU.Build.0 = Debug|Any CPU
		{B94AF1AE-B71D-4787-B47E-CE4FD6329679}.Debug|Mixed Platforms.ActiveCfg = Debug|Any CPU
		{B94AF1AE-B71D-4787-B47E-CE4FD6329679}.Debug|Mixed Platforms.Build.0 = Debug|Any CPU
		{B94AF1AE-B71D-4787-B47E-CE4FD6329679}.Debug|x86.ActiveCfg = Debug|Any CPU
		{B94AF1AE-B71D-4787-B47E-CE4FD6329679}.Release|Any CPU.ActiveCfg = Release|Any CPU
		{B94AF1AE-B71D-4787-B47E-CE4FD6329679}.Release|Any CPU.Build.0 = Release|Any CPU
		{B94AF1AE-B71D-4787-B47E-CE4FD6329679}.Release|Mixed Platforms.ActiveCfg = Release|Any CPU
		{B94AF1AE-B71D-4787-B47E-CE4FD6329679}.Release|Mixed Platforms.Build.0 = Release|Any CPU
		{B94AF1AE-B71D-4787-B47E-CE4FD6329679}.Release|x86.ActiveCfg = Release|Any CPU
		{052B31FE-C4AF-489F-909D-C3604C9355D6}.Debug|Any CPU.ActiveCfg = Debug|Any CPU
		{052B31FE-C4AF-489F-909D-C3604C9355D6}.Debug|Any CPU.Build.0 = Debug|Any CPU
		{052B31FE-C4AF-489F-909D-C3604C9355D6}.Debug|Mixed Platforms.ActiveCfg = Debug|Any CPU
		{052B31FE-C4AF-489F-909D-C3604C9355D6}.Debug|Mixed Platforms.Build.0 = Debug|Any CPU
		{052B31FE-C4AF-489F-909D-C3604C9355D6}.Debug|x86.ActiveCfg = Debug|Any CPU
		{052B31FE-C4AF-489F-909D-C3604C9355D6}.Release|Any CPU.ActiveCfg = Release|Any CPU
		{052B31FE-C4AF-489F-909D-C3604C9355D6}.Release|Any CPU.Build.0 = Release|Any CPU
		{052B31FE-C4AF-489F-909D-C3604C9355D6}.Release|Mixed Platforms.ActiveCfg = Release|Any CPU
		{052B31FE-C4AF-489F-909D-C3604C9355D6}.Release|Mixed Platforms.Build.0 = Release|Any CPU
		{052B31FE-C4AF-489F-909D-C3604C9355D6}.Release|x86.ActiveCfg = Release|Any CPU
		{9001CBEA-480E-446A-A20E-EEEDDD99845D}.Debug|Any CPU.ActiveCfg = Debug|Any CPU
		{9001CBEA-480E-446A-A20E-EEEDDD99845D}.Debug|Any CPU.Build.0 = Debug|Any CPU
		{9001CBEA-480E-446A-A20E-EEEDDD99845D}.Debug|Mixed Platforms.ActiveCfg = Debug|Any CPU
		{9001CBEA-480E-446A-A20E-EEEDDD99845D}.Debug|Mixed Platforms.Build.0 = Debug|Any CPU
		{9001CBEA-480E-446A-A20E-EEEDDD99845D}.Debug|x86.ActiveCfg = Debug|Any CPU
		{9001CBEA-480E-446A-A20E-EEEDDD99845D}.Release|Any CPU.ActiveCfg = Release|Any CPU
		{9001CBEA-480E-446A-A20E-EEEDDD99845D}.Release|Any CPU.Build.0 = Release|Any CPU
		{9001CBEA-480E-446A-A20E-EEEDDD99845D}.Release|Mixed Platforms.ActiveCfg = Release|Any CPU
		{9001CBEA-480E-446A-A20E-EEEDDD99845D}.Release|Mixed Platforms.Build.0 = Release|Any CPU
		{9001CBEA-480E-446A-A20E-EEEDDD99845D}.Release|x86.ActiveCfg = Release|Any CPU
		{4DC66DB3-7DAC-442A-AED8-4420EF8A1B95}.Debug|Any CPU.ActiveCfg = Debug|Any CPU
		{4DC66DB3-7DAC-442A-AED8-4420EF8A1B95}.Debug|Any CPU.Build.0 = Debug|Any CPU
		{4DC66DB3-7DAC-442A-AED8-4420EF8A1B95}.Debug|Mixed Platforms.ActiveCfg = Debug|Any CPU
		{4DC66DB3-7DAC-442A-AED8-4420EF8A1B95}.Debug|Mixed Platforms.Build.0 = Debug|Any CPU
		{4DC66DB3-7DAC-442A-AED8-4420EF8A1B95}.Debug|x86.ActiveCfg = Debug|Any CPU
		{4DC66DB3-7DAC-442A-AED8-4420EF8A1B95}.Release|Any CPU.ActiveCfg = Release|Any CPU
		{4DC66DB3-7DAC-442A-AED8-4420EF8A1B95}.Release|Any CPU.Build.0 = Release|Any CPU
		{4DC66DB3-7DAC-442A-AED8-4420EF8A1B95}.Release|Mixed Platforms.ActiveCfg = Release|Any CPU
		{4DC66DB3-7DAC-442A-AED8-4420EF8A1B95}.Release|Mixed Platforms.Build.0 = Release|Any CPU
		{4DC66DB3-7DAC-442A-AED8-4420EF8A1B95}.Release|x86.ActiveCfg = Release|Any CPU
		{B6F43DD4-B70B-4F1A-9005-BC0B553A21BB}.Debug|Any CPU.ActiveCfg = Debug|Any CPU
		{B6F43DD4-B70B-4F1A-9005-BC0B553A21BB}.Debug|Any CPU.Build.0 = Debug|Any CPU
		{B6F43DD4-B70B-4F1A-9005-BC0B553A21BB}.Debug|Mixed Platforms.ActiveCfg = Debug|Any CPU
		{B6F43DD4-B70B-4F1A-9005-BC0B553A21BB}.Debug|Mixed Platforms.Build.0 = Debug|Any CPU
		{B6F43DD4-B70B-4F1A-9005-BC0B553A21BB}.Debug|x86.ActiveCfg = Debug|Any CPU
		{B6F43DD4-B70B-4F1A-9005-BC0B553A21BB}.Release|Any CPU.ActiveCfg = Release|Any CPU
		{B6F43DD4-B70B-4F1A-9005-BC0B553A21BB}.Release|Any CPU.Build.0 = Release|Any CPU
		{B6F43DD4-B70B-4F1A-9005-BC0B553A21BB}.Release|Mixed Platforms.ActiveCfg = Release|Any CPU
		{B6F43DD4-B70B-4F1A-9005-BC0B553A21BB}.Release|Mixed Platforms.Build.0 = Release|Any CPU
		{B6F43DD4-B70B-4F1A-9005-BC0B553A21BB}.Release|x86.ActiveCfg = Release|Any CPU
		{6FFE0480-6C42-413B-B59D-78793AC651C7}.Debug|Any CPU.ActiveCfg = Debug|Any CPU
		{6FFE0480-6C42-413B-B59D-78793AC651C7}.Debug|Any CPU.Build.0 = Debug|Any CPU
		{6FFE0480-6C42-413B-B59D-78793AC651C7}.Debug|Mixed Platforms.ActiveCfg = Debug|Any CPU
		{6FFE0480-6C42-413B-B59D-78793AC651C7}.Debug|Mixed Platforms.Build.0 = Debug|Any CPU
		{6FFE0480-6C42-413B-B59D-78793AC651C7}.Debug|x86.ActiveCfg = Debug|Any CPU
		{6FFE0480-6C42-413B-B59D-78793AC651C7}.Release|Any CPU.ActiveCfg = Release|Any CPU
		{6FFE0480-6C42-413B-B59D-78793AC651C7}.Release|Any CPU.Build.0 = Release|Any CPU
		{6FFE0480-6C42-413B-B59D-78793AC651C7}.Release|Mixed Platforms.ActiveCfg = Release|Any CPU
		{6FFE0480-6C42-413B-B59D-78793AC651C7}.Release|Mixed Platforms.Build.0 = Release|Any CPU
		{6FFE0480-6C42-413B-B59D-78793AC651C7}.Release|x86.ActiveCfg = Release|Any CPU
		{6F198D3D-39E5-4DE6-917E-DFB99AF31E3E}.Debug|Any CPU.ActiveCfg = Debug|Any CPU
		{6F198D3D-39E5-4DE6-917E-DFB99AF31E3E}.Debug|Any CPU.Build.0 = Debug|Any CPU
		{6F198D3D-39E5-4DE6-917E-DFB99AF31E3E}.Debug|Mixed Platforms.ActiveCfg = Debug|Any CPU
		{6F198D3D-39E5-4DE6-917E-DFB99AF31E3E}.Debug|Mixed Platforms.Build.0 = Debug|Any CPU
		{6F198D3D-39E5-4DE6-917E-DFB99AF31E3E}.Debug|x86.ActiveCfg = Debug|Any CPU
		{6F198D3D-39E5-4DE6-917E-DFB99AF31E3E}.Release|Any CPU.ActiveCfg = Release|Any CPU
		{6F198D3D-39E5-4DE6-917E-DFB99AF31E3E}.Release|Any CPU.Build.0 = Release|Any CPU
		{6F198D3D-39E5-4DE6-917E-DFB99AF31E3E}.Release|Mixed Platforms.ActiveCfg = Release|Any CPU
		{6F198D3D-39E5-4DE6-917E-DFB99AF31E3E}.Release|Mixed Platforms.Build.0 = Release|Any CPU
		{6F198D3D-39E5-4DE6-917E-DFB99AF31E3E}.Release|x86.ActiveCfg = Release|Any CPU
		{99BB5255-DEA7-4548-A402-9DB077D195B7}.Debug|Any CPU.ActiveCfg = Debug|Any CPU
		{99BB5255-DEA7-4548-A402-9DB077D195B7}.Debug|Any CPU.Build.0 = Debug|Any CPU
		{99BB5255-DEA7-4548-A402-9DB077D195B7}.Debug|Mixed Platforms.ActiveCfg = Debug|Any CPU
		{99BB5255-DEA7-4548-A402-9DB077D195B7}.Debug|Mixed Platforms.Build.0 = Debug|Any CPU
		{99BB5255-DEA7-4548-A402-9DB077D195B7}.Debug|x86.ActiveCfg = Debug|Any CPU
		{99BB5255-DEA7-4548-A402-9DB077D195B7}.Release|Any CPU.ActiveCfg = Release|Any CPU
		{99BB5255-DEA7-4548-A402-9DB077D195B7}.Release|Any CPU.Build.0 = Release|Any CPU
		{99BB5255-DEA7-4548-A402-9DB077D195B7}.Release|Mixed Platforms.ActiveCfg = Release|Any CPU
		{99BB5255-DEA7-4548-A402-9DB077D195B7}.Release|Mixed Platforms.Build.0 = Release|Any CPU
		{99BB5255-DEA7-4548-A402-9DB077D195B7}.Release|x86.ActiveCfg = Release|Any CPU
		{D0B46798-1A2E-420D-8B1D-1FCB3537E468}.Debug|Any CPU.ActiveCfg = Debug|Any CPU
		{D0B46798-1A2E-420D-8B1D-1FCB3537E468}.Debug|Any CPU.Build.0 = Debug|Any CPU
		{D0B46798-1A2E-420D-8B1D-1FCB3537E468}.Debug|Mixed Platforms.ActiveCfg = Debug|Any CPU
		{D0B46798-1A2E-420D-8B1D-1FCB3537E468}.Debug|Mixed Platforms.Build.0 = Debug|Any CPU
		{D0B46798-1A2E-420D-8B1D-1FCB3537E468}.Debug|x86.ActiveCfg = Debug|Any CPU
		{D0B46798-1A2E-420D-8B1D-1FCB3537E468}.Release|Any CPU.ActiveCfg = Release|Any CPU
		{D0B46798-1A2E-420D-8B1D-1FCB3537E468}.Release|Any CPU.Build.0 = Release|Any CPU
		{D0B46798-1A2E-420D-8B1D-1FCB3537E468}.Release|Mixed Platforms.ActiveCfg = Release|Any CPU
		{D0B46798-1A2E-420D-8B1D-1FCB3537E468}.Release|Mixed Platforms.Build.0 = Release|Any CPU
		{D0B46798-1A2E-420D-8B1D-1FCB3537E468}.Release|x86.ActiveCfg = Release|Any CPU
		{8E610388-F400-4D3E-83A2-A91A04B55558}.Debug|Any CPU.ActiveCfg = Debug|Any CPU
		{8E610388-F400-4D3E-83A2-A91A04B55558}.Debug|Any CPU.Build.0 = Debug|Any CPU
		{8E610388-F400-4D3E-83A2-A91A04B55558}.Debug|Mixed Platforms.ActiveCfg = Debug|Any CPU
		{8E610388-F400-4D3E-83A2-A91A04B55558}.Debug|Mixed Platforms.Build.0 = Debug|Any CPU
		{8E610388-F400-4D3E-83A2-A91A04B55558}.Debug|x86.ActiveCfg = Debug|Any CPU
		{8E610388-F400-4D3E-83A2-A91A04B55558}.Release|Any CPU.ActiveCfg = Release|Any CPU
		{8E610388-F400-4D3E-83A2-A91A04B55558}.Release|Any CPU.Build.0 = Release|Any CPU
		{8E610388-F400-4D3E-83A2-A91A04B55558}.Release|Mixed Platforms.ActiveCfg = Release|Any CPU
		{8E610388-F400-4D3E-83A2-A91A04B55558}.Release|Mixed Platforms.Build.0 = Release|Any CPU
		{8E610388-F400-4D3E-83A2-A91A04B55558}.Release|x86.ActiveCfg = Release|Any CPU
		{03C74024-9C12-4C18-B782-16DA9559A42F}.Debug|Any CPU.ActiveCfg = Debug|Any CPU
		{03C74024-9C12-4C18-B782-16DA9559A42F}.Debug|Any CPU.Build.0 = Debug|Any CPU
		{03C74024-9C12-4C18-B782-16DA9559A42F}.Debug|Mixed Platforms.ActiveCfg = Debug|Any CPU
		{03C74024-9C12-4C18-B782-16DA9559A42F}.Debug|Mixed Platforms.Build.0 = Debug|Any CPU
		{03C74024-9C12-4C18-B782-16DA9559A42F}.Debug|x86.ActiveCfg = Debug|Any CPU
		{03C74024-9C12-4C18-B782-16DA9559A42F}.Release|Any CPU.ActiveCfg = Release|Any CPU
		{03C74024-9C12-4C18-B782-16DA9559A42F}.Release|Any CPU.Build.0 = Release|Any CPU
		{03C74024-9C12-4C18-B782-16DA9559A42F}.Release|Mixed Platforms.ActiveCfg = Release|Any CPU
		{03C74024-9C12-4C18-B782-16DA9559A42F}.Release|Mixed Platforms.Build.0 = Release|Any CPU
		{03C74024-9C12-4C18-B782-16DA9559A42F}.Release|x86.ActiveCfg = Release|Any CPU
		{994EA6CD-8E19-4D1E-860B-05CAE5A78862}.Debug|Any CPU.ActiveCfg = Debug|Any CPU
		{994EA6CD-8E19-4D1E-860B-05CAE5A78862}.Debug|Any CPU.Build.0 = Debug|Any CPU
		{994EA6CD-8E19-4D1E-860B-05CAE5A78862}.Debug|Mixed Platforms.ActiveCfg = Debug|Any CPU
		{994EA6CD-8E19-4D1E-860B-05CAE5A78862}.Debug|Mixed Platforms.Build.0 = Debug|Any CPU
		{994EA6CD-8E19-4D1E-860B-05CAE5A78862}.Debug|x86.ActiveCfg = Debug|Any CPU
		{994EA6CD-8E19-4D1E-860B-05CAE5A78862}.Release|Any CPU.ActiveCfg = Release|Any CPU
		{994EA6CD-8E19-4D1E-860B-05CAE5A78862}.Release|Any CPU.Build.0 = Release|Any CPU
		{994EA6CD-8E19-4D1E-860B-05CAE5A78862}.Release|Mixed Platforms.ActiveCfg = Release|Any CPU
		{994EA6CD-8E19-4D1E-860B-05CAE5A78862}.Release|Mixed Platforms.Build.0 = Release|Any CPU
		{994EA6CD-8E19-4D1E-860B-05CAE5A78862}.Release|x86.ActiveCfg = Release|Any CPU
		{BB945194-C1F5-432A-B4AF-F9E46B665486}.Debug|Any CPU.ActiveCfg = Debug|Any CPU
		{BB945194-C1F5-432A-B4AF-F9E46B665486}.Debug|Any CPU.Build.0 = Debug|Any CPU
		{BB945194-C1F5-432A-B4AF-F9E46B665486}.Debug|Mixed Platforms.ActiveCfg = Debug|Any CPU
		{BB945194-C1F5-432A-B4AF-F9E46B665486}.Debug|Mixed Platforms.Build.0 = Debug|Any CPU
		{BB945194-C1F5-432A-B4AF-F9E46B665486}.Debug|x86.ActiveCfg = Debug|Any CPU
		{BB945194-C1F5-432A-B4AF-F9E46B665486}.Release|Any CPU.ActiveCfg = Release|Any CPU
		{BB945194-C1F5-432A-B4AF-F9E46B665486}.Release|Any CPU.Build.0 = Release|Any CPU
		{BB945194-C1F5-432A-B4AF-F9E46B665486}.Release|Mixed Platforms.ActiveCfg = Release|Any CPU
		{BB945194-C1F5-432A-B4AF-F9E46B665486}.Release|Mixed Platforms.Build.0 = Release|Any CPU
		{BB945194-C1F5-432A-B4AF-F9E46B665486}.Release|x86.ActiveCfg = Release|Any CPU
		{30ADB3D6-ED05-403D-BEEC-9862200126B0}.Debug|Any CPU.ActiveCfg = Debug|Any CPU
		{30ADB3D6-ED05-403D-BEEC-9862200126B0}.Debug|Any CPU.Build.0 = Debug|Any CPU
		{30ADB3D6-ED05-403D-BEEC-9862200126B0}.Debug|Mixed Platforms.ActiveCfg = Debug|Any CPU
		{30ADB3D6-ED05-403D-BEEC-9862200126B0}.Debug|Mixed Platforms.Build.0 = Debug|Any CPU
		{30ADB3D6-ED05-403D-BEEC-9862200126B0}.Debug|x86.ActiveCfg = Debug|Any CPU
		{30ADB3D6-ED05-403D-BEEC-9862200126B0}.Release|Any CPU.ActiveCfg = Release|Any CPU
		{30ADB3D6-ED05-403D-BEEC-9862200126B0}.Release|Any CPU.Build.0 = Release|Any CPU
		{30ADB3D6-ED05-403D-BEEC-9862200126B0}.Release|Mixed Platforms.ActiveCfg = Release|Any CPU
		{30ADB3D6-ED05-403D-BEEC-9862200126B0}.Release|Mixed Platforms.Build.0 = Release|Any CPU
		{30ADB3D6-ED05-403D-BEEC-9862200126B0}.Release|x86.ActiveCfg = Release|Any CPU
		{61618F4C-1288-401F-8644-77990429918C}.Debug|Any CPU.ActiveCfg = Debug|Any CPU
		{61618F4C-1288-401F-8644-77990429918C}.Debug|Any CPU.Build.0 = Debug|Any CPU
		{61618F4C-1288-401F-8644-77990429918C}.Debug|Mixed Platforms.ActiveCfg = Debug|Any CPU
		{61618F4C-1288-401F-8644-77990429918C}.Debug|Mixed Platforms.Build.0 = Debug|Any CPU
		{61618F4C-1288-401F-8644-77990429918C}.Debug|x86.ActiveCfg = Debug|Any CPU
		{61618F4C-1288-401F-8644-77990429918C}.Release|Any CPU.ActiveCfg = Release|Any CPU
		{61618F4C-1288-401F-8644-77990429918C}.Release|Any CPU.Build.0 = Release|Any CPU
		{61618F4C-1288-401F-8644-77990429918C}.Release|Mixed Platforms.ActiveCfg = Release|Any CPU
		{61618F4C-1288-401F-8644-77990429918C}.Release|Mixed Platforms.Build.0 = Release|Any CPU
		{61618F4C-1288-401F-8644-77990429918C}.Release|x86.ActiveCfg = Release|Any CPU
		{BA87C034-0B0A-487B-B5D2-A69744B7B288}.Debug|Any CPU.ActiveCfg = Debug|Any CPU
		{BA87C034-0B0A-487B-B5D2-A69744B7B288}.Debug|Any CPU.Build.0 = Debug|Any CPU
		{BA87C034-0B0A-487B-B5D2-A69744B7B288}.Debug|Mixed Platforms.ActiveCfg = Debug|Any CPU
		{BA87C034-0B0A-487B-B5D2-A69744B7B288}.Debug|Mixed Platforms.Build.0 = Debug|Any CPU
		{BA87C034-0B0A-487B-B5D2-A69744B7B288}.Debug|x86.ActiveCfg = Debug|Any CPU
		{BA87C034-0B0A-487B-B5D2-A69744B7B288}.Release|Any CPU.ActiveCfg = Release|Any CPU
		{BA87C034-0B0A-487B-B5D2-A69744B7B288}.Release|Any CPU.Build.0 = Release|Any CPU
		{BA87C034-0B0A-487B-B5D2-A69744B7B288}.Release|Mixed Platforms.ActiveCfg = Release|Any CPU
		{BA87C034-0B0A-487B-B5D2-A69744B7B288}.Release|Mixed Platforms.Build.0 = Release|Any CPU
		{BA87C034-0B0A-487B-B5D2-A69744B7B288}.Release|x86.ActiveCfg = Release|Any CPU
		{98E92129-086C-4C31-935C-D33B2234534D}.Debug|Any CPU.ActiveCfg = Debug|Any CPU
		{98E92129-086C-4C31-935C-D33B2234534D}.Debug|Any CPU.Build.0 = Debug|Any CPU
		{98E92129-086C-4C31-935C-D33B2234534D}.Debug|Mixed Platforms.ActiveCfg = Debug|Any CPU
		{98E92129-086C-4C31-935C-D33B2234534D}.Debug|Mixed Platforms.Build.0 = Debug|Any CPU
		{98E92129-086C-4C31-935C-D33B2234534D}.Debug|x86.ActiveCfg = Debug|Any CPU
		{98E92129-086C-4C31-935C-D33B2234534D}.Release|Any CPU.ActiveCfg = Release|Any CPU
		{98E92129-086C-4C31-935C-D33B2234534D}.Release|Any CPU.Build.0 = Release|Any CPU
		{98E92129-086C-4C31-935C-D33B2234534D}.Release|Mixed Platforms.ActiveCfg = Release|Any CPU
		{98E92129-086C-4C31-935C-D33B2234534D}.Release|Mixed Platforms.Build.0 = Release|Any CPU
		{98E92129-086C-4C31-935C-D33B2234534D}.Release|x86.ActiveCfg = Release|Any CPU
		{771CA644-F99F-4AAF-8554-F9DDC49CB01B}.Debug|Any CPU.ActiveCfg = Debug|Any CPU
		{771CA644-F99F-4AAF-8554-F9DDC49CB01B}.Debug|Any CPU.Build.0 = Debug|Any CPU
		{771CA644-F99F-4AAF-8554-F9DDC49CB01B}.Debug|Mixed Platforms.ActiveCfg = Debug|Any CPU
		{771CA644-F99F-4AAF-8554-F9DDC49CB01B}.Debug|Mixed Platforms.Build.0 = Debug|Any CPU
		{771CA644-F99F-4AAF-8554-F9DDC49CB01B}.Debug|x86.ActiveCfg = Debug|Any CPU
		{771CA644-F99F-4AAF-8554-F9DDC49CB01B}.Release|Any CPU.ActiveCfg = Release|Any CPU
		{771CA644-F99F-4AAF-8554-F9DDC49CB01B}.Release|Any CPU.Build.0 = Release|Any CPU
		{771CA644-F99F-4AAF-8554-F9DDC49CB01B}.Release|Mixed Platforms.ActiveCfg = Release|Any CPU
		{771CA644-F99F-4AAF-8554-F9DDC49CB01B}.Release|Mixed Platforms.Build.0 = Release|Any CPU
		{771CA644-F99F-4AAF-8554-F9DDC49CB01B}.Release|x86.ActiveCfg = Release|Any CPU
		{4CDC576F-47BD-4B76-B1A6-E2A8D7BBFF5C}.Debug|Any CPU.ActiveCfg = Debug|Any CPU
		{4CDC576F-47BD-4B76-B1A6-E2A8D7BBFF5C}.Debug|Any CPU.Build.0 = Debug|Any CPU
		{4CDC576F-47BD-4B76-B1A6-E2A8D7BBFF5C}.Debug|Mixed Platforms.ActiveCfg = Debug|Any CPU
		{4CDC576F-47BD-4B76-B1A6-E2A8D7BBFF5C}.Debug|Mixed Platforms.Build.0 = Debug|Any CPU
		{4CDC576F-47BD-4B76-B1A6-E2A8D7BBFF5C}.Debug|x86.ActiveCfg = Debug|Any CPU
		{4CDC576F-47BD-4B76-B1A6-E2A8D7BBFF5C}.Release|Any CPU.ActiveCfg = Release|Any CPU
		{4CDC576F-47BD-4B76-B1A6-E2A8D7BBFF5C}.Release|Any CPU.Build.0 = Release|Any CPU
		{4CDC576F-47BD-4B76-B1A6-E2A8D7BBFF5C}.Release|Mixed Platforms.ActiveCfg = Release|Any CPU
		{4CDC576F-47BD-4B76-B1A6-E2A8D7BBFF5C}.Release|Mixed Platforms.Build.0 = Release|Any CPU
		{4CDC576F-47BD-4B76-B1A6-E2A8D7BBFF5C}.Release|x86.ActiveCfg = Release|Any CPU
		{AFC6CE94-4900-45B0-A334-46CF41AEE043}.Debug|Any CPU.ActiveCfg = Debug|Any CPU
		{AFC6CE94-4900-45B0-A334-46CF41AEE043}.Debug|Any CPU.Build.0 = Debug|Any CPU
		{AFC6CE94-4900-45B0-A334-46CF41AEE043}.Debug|Mixed Platforms.ActiveCfg = Debug|Any CPU
		{AFC6CE94-4900-45B0-A334-46CF41AEE043}.Debug|Mixed Platforms.Build.0 = Debug|Any CPU
		{AFC6CE94-4900-45B0-A334-46CF41AEE043}.Debug|x86.ActiveCfg = Debug|Any CPU
		{AFC6CE94-4900-45B0-A334-46CF41AEE043}.Release|Any CPU.ActiveCfg = Release|Any CPU
		{AFC6CE94-4900-45B0-A334-46CF41AEE043}.Release|Any CPU.Build.0 = Release|Any CPU
		{AFC6CE94-4900-45B0-A334-46CF41AEE043}.Release|Mixed Platforms.ActiveCfg = Release|Any CPU
		{AFC6CE94-4900-45B0-A334-46CF41AEE043}.Release|Mixed Platforms.Build.0 = Release|Any CPU
		{AFC6CE94-4900-45B0-A334-46CF41AEE043}.Release|x86.ActiveCfg = Release|Any CPU
		{C7FBC63F-0E23-4560-A00C-21D61B70F2DA}.Debug|Any CPU.ActiveCfg = Debug|Any CPU
		{C7FBC63F-0E23-4560-A00C-21D61B70F2DA}.Debug|Any CPU.Build.0 = Debug|Any CPU
		{C7FBC63F-0E23-4560-A00C-21D61B70F2DA}.Debug|Mixed Platforms.ActiveCfg = Debug|Any CPU
		{C7FBC63F-0E23-4560-A00C-21D61B70F2DA}.Debug|Mixed Platforms.Build.0 = Debug|Any CPU
		{C7FBC63F-0E23-4560-A00C-21D61B70F2DA}.Debug|x86.ActiveCfg = Debug|Any CPU
		{C7FBC63F-0E23-4560-A00C-21D61B70F2DA}.Release|Any CPU.ActiveCfg = Release|Any CPU
		{C7FBC63F-0E23-4560-A00C-21D61B70F2DA}.Release|Any CPU.Build.0 = Release|Any CPU
		{C7FBC63F-0E23-4560-A00C-21D61B70F2DA}.Release|Mixed Platforms.ActiveCfg = Release|Any CPU
		{C7FBC63F-0E23-4560-A00C-21D61B70F2DA}.Release|Mixed Platforms.Build.0 = Release|Any CPU
		{C7FBC63F-0E23-4560-A00C-21D61B70F2DA}.Release|x86.ActiveCfg = Release|Any CPU
		{E227757A-98A8-4D48-847B-7686FC24C869}.Debug|Any CPU.ActiveCfg = Debug|Any CPU
		{E227757A-98A8-4D48-847B-7686FC24C869}.Debug|Any CPU.Build.0 = Debug|Any CPU
		{E227757A-98A8-4D48-847B-7686FC24C869}.Debug|Mixed Platforms.ActiveCfg = Debug|Any CPU
		{E227757A-98A8-4D48-847B-7686FC24C869}.Debug|Mixed Platforms.Build.0 = Debug|Any CPU
		{E227757A-98A8-4D48-847B-7686FC24C869}.Debug|x86.ActiveCfg = Debug|Any CPU
		{E227757A-98A8-4D48-847B-7686FC24C869}.Release|Any CPU.ActiveCfg = Release|Any CPU
		{E227757A-98A8-4D48-847B-7686FC24C869}.Release|Any CPU.Build.0 = Release|Any CPU
		{E227757A-98A8-4D48-847B-7686FC24C869}.Release|Mixed Platforms.ActiveCfg = Release|Any CPU
		{E227757A-98A8-4D48-847B-7686FC24C869}.Release|Mixed Platforms.Build.0 = Release|Any CPU
		{E227757A-98A8-4D48-847B-7686FC24C869}.Release|x86.ActiveCfg = Release|Any CPU
		{31F41AB2-B70E-41F7-BB2F-E0A1AAFA2829}.Debug|Any CPU.ActiveCfg = Debug|Any CPU
		{31F41AB2-B70E-41F7-BB2F-E0A1AAFA2829}.Debug|Any CPU.Build.0 = Debug|Any CPU
		{31F41AB2-B70E-41F7-BB2F-E0A1AAFA2829}.Debug|Mixed Platforms.ActiveCfg = Debug|Any CPU
		{31F41AB2-B70E-41F7-BB2F-E0A1AAFA2829}.Debug|Mixed Platforms.Build.0 = Debug|Any CPU
		{31F41AB2-B70E-41F7-BB2F-E0A1AAFA2829}.Debug|x86.ActiveCfg = Debug|Any CPU
		{31F41AB2-B70E-41F7-BB2F-E0A1AAFA2829}.Release|Any CPU.ActiveCfg = Release|Any CPU
		{31F41AB2-B70E-41F7-BB2F-E0A1AAFA2829}.Release|Any CPU.Build.0 = Release|Any CPU
		{31F41AB2-B70E-41F7-BB2F-E0A1AAFA2829}.Release|Mixed Platforms.ActiveCfg = Release|Any CPU
		{31F41AB2-B70E-41F7-BB2F-E0A1AAFA2829}.Release|Mixed Platforms.Build.0 = Release|Any CPU
		{31F41AB2-B70E-41F7-BB2F-E0A1AAFA2829}.Release|x86.ActiveCfg = Release|Any CPU
		{968FC28C-D500-41AA-AB45-0FC4581B8713}.Debug|Any CPU.ActiveCfg = Debug|Any CPU
		{968FC28C-D500-41AA-AB45-0FC4581B8713}.Debug|Any CPU.Build.0 = Debug|Any CPU
		{968FC28C-D500-41AA-AB45-0FC4581B8713}.Debug|Mixed Platforms.ActiveCfg = Debug|Any CPU
		{968FC28C-D500-41AA-AB45-0FC4581B8713}.Debug|Mixed Platforms.Build.0 = Debug|Any CPU
		{968FC28C-D500-41AA-AB45-0FC4581B8713}.Debug|x86.ActiveCfg = Debug|Any CPU
		{968FC28C-D500-41AA-AB45-0FC4581B8713}.Release|Any CPU.ActiveCfg = Release|Any CPU
		{968FC28C-D500-41AA-AB45-0FC4581B8713}.Release|Any CPU.Build.0 = Release|Any CPU
		{968FC28C-D500-41AA-AB45-0FC4581B8713}.Release|Mixed Platforms.ActiveCfg = Release|Any CPU
		{968FC28C-D500-41AA-AB45-0FC4581B8713}.Release|Mixed Platforms.Build.0 = Release|Any CPU
		{968FC28C-D500-41AA-AB45-0FC4581B8713}.Release|x86.ActiveCfg = Release|Any CPU
		{FDA960F6-D429-4696-9306-B473DAE41E5B}.Debug|Any CPU.ActiveCfg = Debug|Any CPU
		{FDA960F6-D429-4696-9306-B473DAE41E5B}.Debug|Any CPU.Build.0 = Debug|Any CPU
		{FDA960F6-D429-4696-9306-B473DAE41E5B}.Debug|Mixed Platforms.ActiveCfg = Debug|Any CPU
		{FDA960F6-D429-4696-9306-B473DAE41E5B}.Debug|Mixed Platforms.Build.0 = Debug|Any CPU
		{FDA960F6-D429-4696-9306-B473DAE41E5B}.Debug|x86.ActiveCfg = Debug|Any CPU
		{FDA960F6-D429-4696-9306-B473DAE41E5B}.Release|Any CPU.ActiveCfg = Release|Any CPU
		{FDA960F6-D429-4696-9306-B473DAE41E5B}.Release|Any CPU.Build.0 = Release|Any CPU
		{FDA960F6-D429-4696-9306-B473DAE41E5B}.Release|Mixed Platforms.ActiveCfg = Release|Any CPU
		{FDA960F6-D429-4696-9306-B473DAE41E5B}.Release|Mixed Platforms.Build.0 = Release|Any CPU
		{FDA960F6-D429-4696-9306-B473DAE41E5B}.Release|x86.ActiveCfg = Release|Any CPU
		{1B0EA719-1F21-4448-9FFA-BFAEBC78ECC4}.Debug|Any CPU.ActiveCfg = Debug|Any CPU
		{1B0EA719-1F21-4448-9FFA-BFAEBC78ECC4}.Debug|Any CPU.Build.0 = Debug|Any CPU
		{1B0EA719-1F21-4448-9FFA-BFAEBC78ECC4}.Debug|Mixed Platforms.ActiveCfg = Debug|Any CPU
		{1B0EA719-1F21-4448-9FFA-BFAEBC78ECC4}.Debug|Mixed Platforms.Build.0 = Debug|Any CPU
		{1B0EA719-1F21-4448-9FFA-BFAEBC78ECC4}.Debug|x86.ActiveCfg = Debug|Any CPU
		{1B0EA719-1F21-4448-9FFA-BFAEBC78ECC4}.Release|Any CPU.ActiveCfg = Release|Any CPU
		{1B0EA719-1F21-4448-9FFA-BFAEBC78ECC4}.Release|Any CPU.Build.0 = Release|Any CPU
		{1B0EA719-1F21-4448-9FFA-BFAEBC78ECC4}.Release|Mixed Platforms.ActiveCfg = Release|Any CPU
		{1B0EA719-1F21-4448-9FFA-BFAEBC78ECC4}.Release|Mixed Platforms.Build.0 = Release|Any CPU
		{1B0EA719-1F21-4448-9FFA-BFAEBC78ECC4}.Release|x86.ActiveCfg = Release|Any CPU
		{C8CF5699-C4DB-4C83-9A50-E3132D5304C2}.Debug|Any CPU.ActiveCfg = Debug|Any CPU
		{C8CF5699-C4DB-4C83-9A50-E3132D5304C2}.Debug|Any CPU.Build.0 = Debug|Any CPU
		{C8CF5699-C4DB-4C83-9A50-E3132D5304C2}.Debug|Mixed Platforms.ActiveCfg = Debug|Any CPU
		{C8CF5699-C4DB-4C83-9A50-E3132D5304C2}.Debug|Mixed Platforms.Build.0 = Debug|Any CPU
		{C8CF5699-C4DB-4C83-9A50-E3132D5304C2}.Debug|x86.ActiveCfg = Debug|Any CPU
		{C8CF5699-C4DB-4C83-9A50-E3132D5304C2}.Release|Any CPU.ActiveCfg = Release|Any CPU
		{C8CF5699-C4DB-4C83-9A50-E3132D5304C2}.Release|Any CPU.Build.0 = Release|Any CPU
		{C8CF5699-C4DB-4C83-9A50-E3132D5304C2}.Release|Mixed Platforms.ActiveCfg = Release|Any CPU
		{C8CF5699-C4DB-4C83-9A50-E3132D5304C2}.Release|Mixed Platforms.Build.0 = Release|Any CPU
		{C8CF5699-C4DB-4C83-9A50-E3132D5304C2}.Release|x86.ActiveCfg = Release|Any CPU
		{7EB6CE69-4761-4275-9B4D-2DAA192D3141}.Debug|Any CPU.ActiveCfg = Debug|Any CPU
		{7EB6CE69-4761-4275-9B4D-2DAA192D3141}.Debug|Any CPU.Build.0 = Debug|Any CPU
		{7EB6CE69-4761-4275-9B4D-2DAA192D3141}.Debug|Mixed Platforms.ActiveCfg = Debug|Any CPU
		{7EB6CE69-4761-4275-9B4D-2DAA192D3141}.Debug|Mixed Platforms.Build.0 = Debug|Any CPU
		{7EB6CE69-4761-4275-9B4D-2DAA192D3141}.Debug|x86.ActiveCfg = Debug|Any CPU
		{7EB6CE69-4761-4275-9B4D-2DAA192D3141}.Release|Any CPU.ActiveCfg = Release|Any CPU
		{7EB6CE69-4761-4275-9B4D-2DAA192D3141}.Release|Any CPU.Build.0 = Release|Any CPU
		{7EB6CE69-4761-4275-9B4D-2DAA192D3141}.Release|Mixed Platforms.ActiveCfg = Release|Any CPU
		{7EB6CE69-4761-4275-9B4D-2DAA192D3141}.Release|Mixed Platforms.Build.0 = Release|Any CPU
		{7EB6CE69-4761-4275-9B4D-2DAA192D3141}.Release|x86.ActiveCfg = Release|Any CPU
		{1C375DA4-D92C-4C92-9D82-DE9F4C417842}.Debug|Any CPU.ActiveCfg = Debug|Any CPU
		{1C375DA4-D92C-4C92-9D82-DE9F4C417842}.Debug|Any CPU.Build.0 = Debug|Any CPU
		{1C375DA4-D92C-4C92-9D82-DE9F4C417842}.Debug|Mixed Platforms.ActiveCfg = Debug|Any CPU
		{1C375DA4-D92C-4C92-9D82-DE9F4C417842}.Debug|Mixed Platforms.Build.0 = Debug|Any CPU
		{1C375DA4-D92C-4C92-9D82-DE9F4C417842}.Debug|x86.ActiveCfg = Debug|Any CPU
		{1C375DA4-D92C-4C92-9D82-DE9F4C417842}.Release|Any CPU.ActiveCfg = Release|Any CPU
		{1C375DA4-D92C-4C92-9D82-DE9F4C417842}.Release|Any CPU.Build.0 = Release|Any CPU
		{1C375DA4-D92C-4C92-9D82-DE9F4C417842}.Release|Mixed Platforms.ActiveCfg = Release|Any CPU
		{1C375DA4-D92C-4C92-9D82-DE9F4C417842}.Release|Mixed Platforms.Build.0 = Release|Any CPU
		{1C375DA4-D92C-4C92-9D82-DE9F4C417842}.Release|x86.ActiveCfg = Release|Any CPU
		{42BBFFFD-394B-49EC-9FE1-925D6A94EDBB}.Debug|Any CPU.ActiveCfg = Debug|Any CPU
		{42BBFFFD-394B-49EC-9FE1-925D6A94EDBB}.Debug|Any CPU.Build.0 = Debug|Any CPU
		{42BBFFFD-394B-49EC-9FE1-925D6A94EDBB}.Debug|Mixed Platforms.ActiveCfg = Debug|Any CPU
		{42BBFFFD-394B-49EC-9FE1-925D6A94EDBB}.Debug|Mixed Platforms.Build.0 = Debug|Any CPU
		{42BBFFFD-394B-49EC-9FE1-925D6A94EDBB}.Debug|x86.ActiveCfg = Debug|Any CPU
		{42BBFFFD-394B-49EC-9FE1-925D6A94EDBB}.Release|Any CPU.ActiveCfg = Release|Any CPU
		{42BBFFFD-394B-49EC-9FE1-925D6A94EDBB}.Release|Any CPU.Build.0 = Release|Any CPU
		{42BBFFFD-394B-49EC-9FE1-925D6A94EDBB}.Release|Mixed Platforms.ActiveCfg = Release|Any CPU
		{42BBFFFD-394B-49EC-9FE1-925D6A94EDBB}.Release|Mixed Platforms.Build.0 = Release|Any CPU
		{42BBFFFD-394B-49EC-9FE1-925D6A94EDBB}.Release|x86.ActiveCfg = Release|Any CPU
		{7BD6463E-559A-4A80-9100-50100DA3E62D}.Debug|Any CPU.ActiveCfg = Debug|Any CPU
		{7BD6463E-559A-4A80-9100-50100DA3E62D}.Debug|Any CPU.Build.0 = Debug|Any CPU
		{7BD6463E-559A-4A80-9100-50100DA3E62D}.Debug|Mixed Platforms.ActiveCfg = Debug|Any CPU
		{7BD6463E-559A-4A80-9100-50100DA3E62D}.Debug|Mixed Platforms.Build.0 = Debug|Any CPU
		{7BD6463E-559A-4A80-9100-50100DA3E62D}.Debug|x86.ActiveCfg = Debug|Any CPU
		{7BD6463E-559A-4A80-9100-50100DA3E62D}.Release|Any CPU.ActiveCfg = Release|Any CPU
		{7BD6463E-559A-4A80-9100-50100DA3E62D}.Release|Any CPU.Build.0 = Release|Any CPU
		{7BD6463E-559A-4A80-9100-50100DA3E62D}.Release|Mixed Platforms.ActiveCfg = Release|Any CPU
		{7BD6463E-559A-4A80-9100-50100DA3E62D}.Release|Mixed Platforms.Build.0 = Release|Any CPU
		{7BD6463E-559A-4A80-9100-50100DA3E62D}.Release|x86.ActiveCfg = Release|Any CPU
		{54388789-C87A-41B0-8633-0800D5777E9B}.Debug|Any CPU.ActiveCfg = Debug|Any CPU
		{54388789-C87A-41B0-8633-0800D5777E9B}.Debug|Any CPU.Build.0 = Debug|Any CPU
		{54388789-C87A-41B0-8633-0800D5777E9B}.Debug|Mixed Platforms.ActiveCfg = Debug|Any CPU
		{54388789-C87A-41B0-8633-0800D5777E9B}.Debug|Mixed Platforms.Build.0 = Debug|Any CPU
		{54388789-C87A-41B0-8633-0800D5777E9B}.Debug|x86.ActiveCfg = Debug|Any CPU
		{54388789-C87A-41B0-8633-0800D5777E9B}.Release|Any CPU.ActiveCfg = Release|Any CPU
		{54388789-C87A-41B0-8633-0800D5777E9B}.Release|Any CPU.Build.0 = Release|Any CPU
		{54388789-C87A-41B0-8633-0800D5777E9B}.Release|Mixed Platforms.ActiveCfg = Release|Any CPU
		{54388789-C87A-41B0-8633-0800D5777E9B}.Release|Mixed Platforms.Build.0 = Release|Any CPU
		{54388789-C87A-41B0-8633-0800D5777E9B}.Release|x86.ActiveCfg = Release|Any CPU
		{F33B4C9F-D4EB-41EC-A0B7-A919612B6A03}.Debug|Any CPU.ActiveCfg = Debug|Any CPU
		{F33B4C9F-D4EB-41EC-A0B7-A919612B6A03}.Debug|Any CPU.Build.0 = Debug|Any CPU
		{F33B4C9F-D4EB-41EC-A0B7-A919612B6A03}.Debug|Mixed Platforms.ActiveCfg = Debug|Any CPU
		{F33B4C9F-D4EB-41EC-A0B7-A919612B6A03}.Debug|Mixed Platforms.Build.0 = Debug|Any CPU
		{F33B4C9F-D4EB-41EC-A0B7-A919612B6A03}.Debug|x86.ActiveCfg = Debug|Any CPU
		{F33B4C9F-D4EB-41EC-A0B7-A919612B6A03}.Release|Any CPU.ActiveCfg = Release|Any CPU
		{F33B4C9F-D4EB-41EC-A0B7-A919612B6A03}.Release|Any CPU.Build.0 = Release|Any CPU
		{F33B4C9F-D4EB-41EC-A0B7-A919612B6A03}.Release|Mixed Platforms.ActiveCfg = Release|Any CPU
		{F33B4C9F-D4EB-41EC-A0B7-A919612B6A03}.Release|Mixed Platforms.Build.0 = Release|Any CPU
		{F33B4C9F-D4EB-41EC-A0B7-A919612B6A03}.Release|x86.ActiveCfg = Release|Any CPU
		{8FCFD0C1-E52B-49AB-BD58-EB134BC69601}.Debug|Any CPU.ActiveCfg = Debug|Any CPU
		{8FCFD0C1-E52B-49AB-BD58-EB134BC69601}.Debug|Any CPU.Build.0 = Debug|Any CPU
		{8FCFD0C1-E52B-49AB-BD58-EB134BC69601}.Debug|Mixed Platforms.ActiveCfg = Debug|Any CPU
		{8FCFD0C1-E52B-49AB-BD58-EB134BC69601}.Debug|Mixed Platforms.Build.0 = Debug|Any CPU
		{8FCFD0C1-E52B-49AB-BD58-EB134BC69601}.Debug|x86.ActiveCfg = Debug|Any CPU
		{8FCFD0C1-E52B-49AB-BD58-EB134BC69601}.Release|Any CPU.ActiveCfg = Release|Any CPU
		{8FCFD0C1-E52B-49AB-BD58-EB134BC69601}.Release|Any CPU.Build.0 = Release|Any CPU
		{8FCFD0C1-E52B-49AB-BD58-EB134BC69601}.Release|Mixed Platforms.ActiveCfg = Release|Any CPU
		{8FCFD0C1-E52B-49AB-BD58-EB134BC69601}.Release|Mixed Platforms.Build.0 = Release|Any CPU
		{8FCFD0C1-E52B-49AB-BD58-EB134BC69601}.Release|x86.ActiveCfg = Release|Any CPU
		{C0848978-D8D3-4B11-B8AC-B5EF737B454F}.Debug|Any CPU.ActiveCfg = Debug|Any CPU
		{C0848978-D8D3-4B11-B8AC-B5EF737B454F}.Debug|Any CPU.Build.0 = Debug|Any CPU
		{C0848978-D8D3-4B11-B8AC-B5EF737B454F}.Debug|Mixed Platforms.ActiveCfg = Debug|Any CPU
		{C0848978-D8D3-4B11-B8AC-B5EF737B454F}.Debug|Mixed Platforms.Build.0 = Debug|Any CPU
		{C0848978-D8D3-4B11-B8AC-B5EF737B454F}.Debug|x86.ActiveCfg = Debug|Any CPU
		{C0848978-D8D3-4B11-B8AC-B5EF737B454F}.Release|Any CPU.ActiveCfg = Release|Any CPU
		{C0848978-D8D3-4B11-B8AC-B5EF737B454F}.Release|Any CPU.Build.0 = Release|Any CPU
		{C0848978-D8D3-4B11-B8AC-B5EF737B454F}.Release|Mixed Platforms.ActiveCfg = Release|Any CPU
		{C0848978-D8D3-4B11-B8AC-B5EF737B454F}.Release|Mixed Platforms.Build.0 = Release|Any CPU
		{C0848978-D8D3-4B11-B8AC-B5EF737B454F}.Release|x86.ActiveCfg = Release|Any CPU
		{D165040D-00F9-47AA-9883-3843B039A16A}.Debug|Any CPU.ActiveCfg = Debug|Any CPU
		{D165040D-00F9-47AA-9883-3843B039A16A}.Debug|Any CPU.Build.0 = Debug|Any CPU
		{D165040D-00F9-47AA-9883-3843B039A16A}.Debug|Mixed Platforms.ActiveCfg = Debug|Any CPU
		{D165040D-00F9-47AA-9883-3843B039A16A}.Debug|Mixed Platforms.Build.0 = Debug|Any CPU
		{D165040D-00F9-47AA-9883-3843B039A16A}.Debug|x86.ActiveCfg = Debug|Any CPU
		{D165040D-00F9-47AA-9883-3843B039A16A}.Release|Any CPU.ActiveCfg = Release|Any CPU
		{D165040D-00F9-47AA-9883-3843B039A16A}.Release|Any CPU.Build.0 = Release|Any CPU
		{D165040D-00F9-47AA-9883-3843B039A16A}.Release|Mixed Platforms.ActiveCfg = Release|Any CPU
		{D165040D-00F9-47AA-9883-3843B039A16A}.Release|Mixed Platforms.Build.0 = Release|Any CPU
		{D165040D-00F9-47AA-9883-3843B039A16A}.Release|x86.ActiveCfg = Release|Any CPU
		{AA0F79DA-3BAB-4F41-9FF5-77C5809DB60D}.Debug|Any CPU.ActiveCfg = Debug|Any CPU
		{AA0F79DA-3BAB-4F41-9FF5-77C5809DB60D}.Debug|Any CPU.Build.0 = Debug|Any CPU
		{AA0F79DA-3BAB-4F41-9FF5-77C5809DB60D}.Debug|Mixed Platforms.ActiveCfg = Debug|Any CPU
		{AA0F79DA-3BAB-4F41-9FF5-77C5809DB60D}.Debug|Mixed Platforms.Build.0 = Debug|Any CPU
		{AA0F79DA-3BAB-4F41-9FF5-77C5809DB60D}.Debug|x86.ActiveCfg = Debug|Any CPU
		{AA0F79DA-3BAB-4F41-9FF5-77C5809DB60D}.Release|Any CPU.ActiveCfg = Release|Any CPU
		{AA0F79DA-3BAB-4F41-9FF5-77C5809DB60D}.Release|Any CPU.Build.0 = Release|Any CPU
		{AA0F79DA-3BAB-4F41-9FF5-77C5809DB60D}.Release|Mixed Platforms.ActiveCfg = Release|Any CPU
		{AA0F79DA-3BAB-4F41-9FF5-77C5809DB60D}.Release|Mixed Platforms.Build.0 = Release|Any CPU
		{AA0F79DA-3BAB-4F41-9FF5-77C5809DB60D}.Release|x86.ActiveCfg = Release|Any CPU
		{373C34BF-D8D7-47B1-AB17-6F7FC221E94D}.Debug|Any CPU.ActiveCfg = Debug|Any CPU
		{373C34BF-D8D7-47B1-AB17-6F7FC221E94D}.Debug|Any CPU.Build.0 = Debug|Any CPU
		{373C34BF-D8D7-47B1-AB17-6F7FC221E94D}.Debug|Mixed Platforms.ActiveCfg = Debug|Any CPU
		{373C34BF-D8D7-47B1-AB17-6F7FC221E94D}.Debug|Mixed Platforms.Build.0 = Debug|Any CPU
		{373C34BF-D8D7-47B1-AB17-6F7FC221E94D}.Debug|x86.ActiveCfg = Debug|Any CPU
		{373C34BF-D8D7-47B1-AB17-6F7FC221E94D}.Release|Any CPU.ActiveCfg = Release|Any CPU
		{373C34BF-D8D7-47B1-AB17-6F7FC221E94D}.Release|Any CPU.Build.0 = Release|Any CPU
		{373C34BF-D8D7-47B1-AB17-6F7FC221E94D}.Release|Mixed Platforms.ActiveCfg = Release|Any CPU
		{373C34BF-D8D7-47B1-AB17-6F7FC221E94D}.Release|Mixed Platforms.Build.0 = Release|Any CPU
		{373C34BF-D8D7-47B1-AB17-6F7FC221E94D}.Release|x86.ActiveCfg = Release|Any CPU
		{DD6F2CFF-00E9-4630-ABA8-5B58F765ABAF}.Debug|Any CPU.ActiveCfg = Debug|Any CPU
		{DD6F2CFF-00E9-4630-ABA8-5B58F765ABAF}.Debug|Any CPU.Build.0 = Debug|Any CPU
		{DD6F2CFF-00E9-4630-ABA8-5B58F765ABAF}.Debug|Mixed Platforms.ActiveCfg = Debug|Any CPU
		{DD6F2CFF-00E9-4630-ABA8-5B58F765ABAF}.Debug|Mixed Platforms.Build.0 = Debug|Any CPU
		{DD6F2CFF-00E9-4630-ABA8-5B58F765ABAF}.Debug|x86.ActiveCfg = Debug|Any CPU
		{DD6F2CFF-00E9-4630-ABA8-5B58F765ABAF}.Release|Any CPU.ActiveCfg = Release|Any CPU
		{DD6F2CFF-00E9-4630-ABA8-5B58F765ABAF}.Release|Any CPU.Build.0 = Release|Any CPU
		{DD6F2CFF-00E9-4630-ABA8-5B58F765ABAF}.Release|Mixed Platforms.ActiveCfg = Release|Any CPU
		{DD6F2CFF-00E9-4630-ABA8-5B58F765ABAF}.Release|Mixed Platforms.Build.0 = Release|Any CPU
		{DD6F2CFF-00E9-4630-ABA8-5B58F765ABAF}.Release|x86.ActiveCfg = Release|Any CPU
	EndGlobalSection
	GlobalSection(SolutionProperties) = preSolution
		HideSolutionNode = FALSE
	EndGlobalSection
	GlobalSection(NestedProjects) = preSolution
		{0C102B01-5ABA-4CC9-B531-78ECC48390F3} = {4D15B383-2D16-44B7-BFD1-442FFA14FE60}
		{252C7A9E-4C20-409B-B69F-DCF01A002287} = {A33C8EA5-8043-4FD3-88E7-EC271AB68849}
		{E6C58F21-3F26-4CB5-BC4B-F960C6499033} = {A33C8EA5-8043-4FD3-88E7-EC271AB68849}
		{03B3EFBD-880C-4ED6-9892-26C09E423919} = {A33C8EA5-8043-4FD3-88E7-EC271AB68849}
		{97C12498-7A6E-4A87-8889-C965509443E8} = {A33C8EA5-8043-4FD3-88E7-EC271AB68849}
		{1E0AA38B-1E88-4CBD-A175-B1D89771F622} = {A33C8EA5-8043-4FD3-88E7-EC271AB68849}
		{771CA644-F99F-4AAF-8554-F9DDC49CB01B} = {A33C8EA5-8043-4FD3-88E7-EC271AB68849}
		{ADA48170-FF14-4038-A48B-64608BA3F01F} = {252C7A9E-4C20-409B-B69F-DCF01A002287}
		{AE818F3B-EB93-4C97-9FED-C3D503BA4327} = {252C7A9E-4C20-409B-B69F-DCF01A002287}
		{03C74024-9C12-4C18-B782-16DA9559A42F} = {252C7A9E-4C20-409B-B69F-DCF01A002287}
		{994EA6CD-8E19-4D1E-860B-05CAE5A78862} = {252C7A9E-4C20-409B-B69F-DCF01A002287}
		{30ADB3D6-ED05-403D-BEEC-9862200126B0} = {252C7A9E-4C20-409B-B69F-DCF01A002287}
		{54388789-C87A-41B0-8633-0800D5777E9B} = {252C7A9E-4C20-409B-B69F-DCF01A002287}
		{8FCFD0C1-E52B-49AB-BD58-EB134BC69601} = {252C7A9E-4C20-409B-B69F-DCF01A002287}
		{373C34BF-D8D7-47B1-AB17-6F7FC221E94D} = {252C7A9E-4C20-409B-B69F-DCF01A002287}
		{B94AF1AE-B71D-4787-B47E-CE4FD6329679} = {E6C58F21-3F26-4CB5-BC4B-F960C6499033}
		{052B31FE-C4AF-489F-909D-C3604C9355D6} = {E6C58F21-3F26-4CB5-BC4B-F960C6499033}
		{9001CBEA-480E-446A-A20E-EEEDDD99845D} = {E6C58F21-3F26-4CB5-BC4B-F960C6499033}
		{4DC66DB3-7DAC-442A-AED8-4420EF8A1B95} = {E6C58F21-3F26-4CB5-BC4B-F960C6499033}
		{B6F43DD4-B70B-4F1A-9005-BC0B553A21BB} = {E6C58F21-3F26-4CB5-BC4B-F960C6499033}
		{6FFE0480-6C42-413B-B59D-78793AC651C7} = {E6C58F21-3F26-4CB5-BC4B-F960C6499033}
		{99BB5255-DEA7-4548-A402-9DB077D195B7} = {E6C58F21-3F26-4CB5-BC4B-F960C6499033}
		{61618F4C-1288-401F-8644-77990429918C} = {E6C58F21-3F26-4CB5-BC4B-F960C6499033}
		{C7FBC63F-0E23-4560-A00C-21D61B70F2DA} = {E6C58F21-3F26-4CB5-BC4B-F960C6499033}
		{968FC28C-D500-41AA-AB45-0FC4581B8713} = {E6C58F21-3F26-4CB5-BC4B-F960C6499033}
		{1B0EA719-1F21-4448-9FFA-BFAEBC78ECC4} = {E6C58F21-3F26-4CB5-BC4B-F960C6499033}
		{7EB6CE69-4761-4275-9B4D-2DAA192D3141} = {E6C58F21-3F26-4CB5-BC4B-F960C6499033}
		{1C375DA4-D92C-4C92-9D82-DE9F4C417842} = {E6C58F21-3F26-4CB5-BC4B-F960C6499033}
		{42BBFFFD-394B-49EC-9FE1-925D6A94EDBB} = {E6C58F21-3F26-4CB5-BC4B-F960C6499033}
		{7BD6463E-559A-4A80-9100-50100DA3E62D} = {E6C58F21-3F26-4CB5-BC4B-F960C6499033}
		{D165040D-00F9-47AA-9883-3843B039A16A} = {E6C58F21-3F26-4CB5-BC4B-F960C6499033}
		{AA0F79DA-3BAB-4F41-9FF5-77C5809DB60D} = {E6C58F21-3F26-4CB5-BC4B-F960C6499033}
		{D0B46798-1A2E-420D-8B1D-1FCB3537E468} = {ADA48170-FF14-4038-A48B-64608BA3F01F}
		{8E610388-F400-4D3E-83A2-A91A04B55558} = {ADA48170-FF14-4038-A48B-64608BA3F01F}
		{6C45425E-6768-42E3-B0A5-4D603EB14426} = {03B3EFBD-880C-4ED6-9892-26C09E423919}
		{BB945194-C1F5-432A-B4AF-F9E46B665486} = {03B3EFBD-880C-4ED6-9892-26C09E423919}
		{C8CF5699-C4DB-4C83-9A50-E3132D5304C2} = {03B3EFBD-880C-4ED6-9892-26C09E423919}
		{F33B4C9F-D4EB-41EC-A0B7-A919612B6A03} = {03B3EFBD-880C-4ED6-9892-26C09E423919}
		{B25D5EBB-16BB-4907-B699-DCFA34A0F05B} = {8EC83040-9209-4193-AB59-9E8CED424582}
		{A4264AA6-41B6-4325-A916-D0D8E32305A7} = {8EC83040-9209-4193-AB59-9E8CED424582}
		{FDA960F6-D429-4696-9306-B473DAE41E5B} = {8EC83040-9209-4193-AB59-9E8CED424582}
		{B0336C23-51F9-4EEB-A49B-93543F3CD1BB} = {B25D5EBB-16BB-4907-B699-DCFA34A0F05B}
		{6C0F25A7-6468-4D02-ABA4-DC7F1AD209E1} = {B25D5EBB-16BB-4907-B699-DCFA34A0F05B}
		{6F198D3D-39E5-4DE6-917E-DFB99AF31E3E} = {B25D5EBB-16BB-4907-B699-DCFA34A0F05B}
		{DD6F2CFF-00E9-4630-ABA8-5B58F765ABAF} = {B25D5EBB-16BB-4907-B699-DCFA34A0F05B}
		{B2E36713-7CDB-4304-B274-2AD75BC142C4} = {A4264AA6-41B6-4325-A916-D0D8E32305A7}
		{4CDC576F-47BD-4B76-B1A6-E2A8D7BBFF5C} = {1E0AA38B-1E88-4CBD-A175-B1D89771F622}
		{AFC6CE94-4900-45B0-A334-46CF41AEE043} = {1E0AA38B-1E88-4CBD-A175-B1D89771F622}
		{BA87C034-0B0A-487B-B5D2-A69744B7B288} = {1E0AA38B-1E88-4CBD-A175-B1D89771F622}
		{98E92129-086C-4C31-935C-D33B2234534D} = {1D94D6F0-A890-469B-831D-89100DD419B4}
		{E227757A-98A8-4D48-847B-7686FC24C869} = {1D94D6F0-A890-469B-831D-89100DD419B4}
		{C0848978-D8D3-4B11-B8AC-B5EF737B454F} = {1D94D6F0-A890-469B-831D-89100DD419B4}
	EndGlobalSection
EndGlobal
