
Microsoft Visual Studio Solution File, Format Version 11.00
# Visual Studio 2010
Project("{2150E333-8FDC-42A3-9474-1A3956D46DE8}") = "StandardPlugins", "StandardPlugins", "{69F234FD-2BE9-4831-BDFD-AC63A2C3DC9C}"
EndProject
Project("{2150E333-8FDC-42A3-9474-1A3956D46DE8}") = "StandardServices", "StandardServices", "{ABC4E729-8CC6-40C1-B05D-6300B64C802D}"
EndProject
Project("{2150E333-8FDC-42A3-9474-1A3956D46DE8}") = "Tests", "Tests", "{AB81340A-660F-49E4-B16D-CF3CBE6E03D5}"
EndProject
Project("{2150E333-8FDC-42A3-9474-1A3956D46DE8}") = "WPF", "WPF", "{4BDC5D1E-38E6-4D27-B8E9-EAA7C67AE579}"
EndProject
Project("{2150E333-8FDC-42A3-9474-1A3956D46DE8}") = "Application", "Application", "{3635B786-9322-41D1-9BA6-DDA928668B7E}"
EndProject
Project("{2150E333-8FDC-42A3-9474-1A3956D46DE8}") = "Plugins", "Plugins", "{8FEF7F8E-A44A-4B76-8328-01A7D85AAC8D}"
EndProject
Project("{2150E333-8FDC-42A3-9474-1A3956D46DE8}") = "Library", "Library", "{FAAD4758-1D4A-4F7F-B0A2-EFA197ACDC41}"
EndProject
Project("{FAE04EC0-301F-11D3-BF4B-00C04F79EFBC}") = "CommonTimer", "Plugins\StandardPlugins\CommonTimer\CommonTimer.csproj", "{B94AF1AE-B71D-4787-B47E-CE4FD6329679}"
EndProject
Project("{FAE04EC0-301F-11D3-BF4B-00C04F79EFBC}") = "CommonServices", "Plugins\CommonServices\CommonServices.csproj", "{6C45425E-6768-42E3-B0A5-4D603EB14426}"
EndProject
Project("{FAE04EC0-301F-11D3-BF4B-00C04F79EFBC}") = "CommonTimerWindow", "Plugins\StandardPlugins\CommonTimerWindow\CommonTimerWindow.csproj", "{052B31FE-C4AF-489F-909D-C3604C9355D6}"
EndProject
Project("{FAE04EC0-301F-11D3-BF4B-00C04F79EFBC}") = "ObjectExplorer", "Plugins\StandardPlugins\ObjectExplorer\ObjectExplorer.csproj", "{AE818F3B-EB93-4C97-9FED-C3D503BA4327}"
EndProject
Project("{FAE04EC0-301F-11D3-BF4B-00C04F79EFBC}") = "CK.WPF.ViewModel", "Library\WPF\CK.WPF.ViewModel\CK.WPF.ViewModel.csproj", "{B0336C23-51F9-4EEB-A49B-93543F3CD1BB}"
EndProject
Project("{FAE04EC0-301F-11D3-BF4B-00C04F79EFBC}") = "SimpleSkin", "Plugins\StandardPlugins\SimpleSkin\SimpleSkin.csproj", "{6FFE0480-6C42-413B-B59D-78793AC651C7}"
EndProject
Project("{FAE04EC0-301F-11D3-BF4B-00C04F79EFBC}") = "Certified.Tests", "Tests\Certified.Tests\Certified.Tests.csproj", "{0AC5BF42-2095-4E34-A0BB-B4190DC13130}"
EndProject
Project("{FAE04EC0-301F-11D3-BF4B-00C04F79EFBC}") = "CK.WPF.StandardViews", "Library\WPF\CK.WPF.StandardViews\CK.WPF.StandardViews.csproj", "{6F198D3D-39E5-4DE6-917E-DFB99AF31E3E}"
EndProject
Project("{FAE04EC0-301F-11D3-BF4B-00C04F79EFBC}") = "CommandManager", "Plugins\StandardPlugins\CommandManager\CommandManager.csproj", "{8E610388-F400-4D3E-83A2-A91A04B55558}"
EndProject
Project("{FAE04EC0-301F-11D3-BF4B-00C04F79EFBC}") = "BasicCommandHandlers", "Plugins\StandardPlugins\BasicCommandHandlers\BasicCommandHandlers.csproj", "{D0B46798-1A2E-420D-8B1D-1FCB3537E468}"
EndProject
Project("{2150E333-8FDC-42A3-9474-1A3956D46DE8}") = "TestPlugins", "TestPlugins", "{CDA0FB2F-C9A3-4D22-ACAD-B68ED5F3B236}"
EndProject
Project("{FAE04EC0-301F-11D3-BF4B-00C04F79EFBC}") = "Plugin01", "Tests\Certified.Tests\LogConfig\TestPugins\Plugin01\Plugin01.csproj", "{866C36FD-AC85-433F-9EBE-FBF288F317C8}"
EndProject
Project("{FAE04EC0-301F-11D3-BF4B-00C04F79EFBC}") = "Plugin02", "Tests\Certified.Tests\LogConfig\TestPugins\Plugin02\Plugin02.csproj", "{7516E403-040E-46A0-93F9-C15C2F31D78A}"
EndProject
Project("{FAE04EC0-301F-11D3-BF4B-00C04F79EFBC}") = "Plugin03", "Tests\Certified.Tests\LogConfig\TestPugins\Plugin03\Plugin03.csproj", "{6862DE49-8A3B-4C8E-884B-831B61662B74}"
EndProject
Project("{FAE04EC0-301F-11D3-BF4B-00C04F79EFBC}") = "CK.WPF.Controls", "Library\WPF\CK.WPF.Controls\CK.WPF.Controls.csproj", "{6C0F25A7-6468-4D02-ABA4-DC7F1AD209E1}"
EndProject
Project("{FAE04EC0-301F-11D3-BF4B-00C04F79EFBC}") = "Host", "Application\WpfHost\Host.csproj", "{56A6E72B-46DE-4596-9593-38608B9B6343}"
EndProject
Project("{FAE04EC0-301F-11D3-BF4B-00C04F79EFBC}") = "PointerDeviceDriver", "Plugins\StandardPlugins\PointerDeviceDriver\PointerDeviceDriver.csproj", "{9001CBEA-480E-446A-A20E-EEEDDD99845D}"
EndProject
Project("{FAE04EC0-301F-11D3-BF4B-00C04F79EFBC}") = "Sample", "Plugins\StandardPlugins\Sample\Sample.csproj", "{FCF0A188-8FE8-4046-8D60-ADE8897EE7BB}"
EndProject
Project("{FAE04EC0-301F-11D3-BF4B-00C04F79EFBC}") = "Host.Services", "Application\Host.Services\Host.Services.csproj", "{97C12498-7A6E-4A87-8889-C965509443E8}"
EndProject
Project("{2150E333-8FDC-42A3-9474-1A3956D46DE8}") = "LogPlugins", "LogPlugins", "{1C0535CE-8DCE-4E39-87B6-2D8D020A91DB}"
EndProject
Project("{FAE04EC0-301F-11D3-BF4B-00C04F79EFBC}") = "LogPlugin", "Plugins\LogPlugins\LogPlugin\LogPlugin.csproj", "{994EA6CD-8E19-4D1E-860B-05CAE5A78862}"
EndProject
Project("{FAE04EC0-301F-11D3-BF4B-00C04F79EFBC}") = "UpdateChecker", "Plugins\StandardPlugins\UpdateChecker\UpdateChecker.csproj", "{03C74024-9C12-4C18-B782-16DA9559A42F}"
EndProject
Project("{FAE04EC0-301F-11D3-BF4B-00C04F79EFBC}") = "CommonLogginPlugins", "Tests\Certified.Tests\CommonLogging\CommonLogginPlugins\CommonLogginPlugins.csproj", "{594C9ECA-B1A4-4A19-817E-B03306498F34}"
EndProject
Project("{FAE04EC0-301F-11D3-BF4B-00C04F79EFBC}") = "AutoClick", "Plugins\StandardPlugins\AutoClick\AutoClick\AutoClick.csproj", "{B6F43DD4-B70B-4F1A-9005-BC0B553A21BB}"
EndProject
Project("{FAE04EC0-301F-11D3-BF4B-00C04F79EFBC}") = "MouseWatcher", "Plugins\StandardPlugins\PointerWatcher\MouseWatcher.csproj", "{4DC66DB3-7DAC-442A-AED8-4420EF8A1B95}"
EndProject
Global
	GlobalSection(SolutionConfigurationPlatforms) = preSolution
		Debug|Any CPU = Debug|Any CPU
		Debug|Mixed Platforms = Debug|Mixed Platforms
		Debug|x86 = Debug|x86
		Release|Any CPU = Release|Any CPU
		Release|Mixed Platforms = Release|Mixed Platforms
		Release|x86 = Release|x86
	EndGlobalSection
	GlobalSection(ProjectConfigurationPlatforms) = postSolution
		{B94AF1AE-B71D-4787-B47E-CE4FD6329679}.Debug|Any CPU.ActiveCfg = Debug|Any CPU
		{B94AF1AE-B71D-4787-B47E-CE4FD6329679}.Debug|Any CPU.Build.0 = Debug|Any CPU
		{B94AF1AE-B71D-4787-B47E-CE4FD6329679}.Debug|Mixed Platforms.ActiveCfg = Debug|Any CPU
		{B94AF1AE-B71D-4787-B47E-CE4FD6329679}.Debug|Mixed Platforms.Build.0 = Debug|Any CPU
		{B94AF1AE-B71D-4787-B47E-CE4FD6329679}.Debug|x86.ActiveCfg = Debug|Any CPU
		{B94AF1AE-B71D-4787-B47E-CE4FD6329679}.Release|Any CPU.ActiveCfg = Release|Any CPU
		{B94AF1AE-B71D-4787-B47E-CE4FD6329679}.Release|Any CPU.Build.0 = Release|Any CPU
		{B94AF1AE-B71D-4787-B47E-CE4FD6329679}.Release|Mixed Platforms.ActiveCfg = Release|Any CPU
		{B94AF1AE-B71D-4787-B47E-CE4FD6329679}.Release|Mixed Platforms.Build.0 = Release|Any CPU
		{B94AF1AE-B71D-4787-B47E-CE4FD6329679}.Release|x86.ActiveCfg = Release|Any CPU
		{6C45425E-6768-42E3-B0A5-4D603EB14426}.Debug|Any CPU.ActiveCfg = Debug|Any CPU
		{6C45425E-6768-42E3-B0A5-4D603EB14426}.Debug|Any CPU.Build.0 = Debug|Any CPU
		{6C45425E-6768-42E3-B0A5-4D603EB14426}.Debug|Mixed Platforms.ActiveCfg = Debug|Any CPU
		{6C45425E-6768-42E3-B0A5-4D603EB14426}.Debug|Mixed Platforms.Build.0 = Debug|Any CPU
		{6C45425E-6768-42E3-B0A5-4D603EB14426}.Debug|x86.ActiveCfg = Debug|Any CPU
		{6C45425E-6768-42E3-B0A5-4D603EB14426}.Release|Any CPU.ActiveCfg = Release|Any CPU
		{6C45425E-6768-42E3-B0A5-4D603EB14426}.Release|Any CPU.Build.0 = Release|Any CPU
		{6C45425E-6768-42E3-B0A5-4D603EB14426}.Release|Mixed Platforms.ActiveCfg = Release|Any CPU
		{6C45425E-6768-42E3-B0A5-4D603EB14426}.Release|Mixed Platforms.Build.0 = Release|Any CPU
		{6C45425E-6768-42E3-B0A5-4D603EB14426}.Release|x86.ActiveCfg = Release|Any CPU
		{052B31FE-C4AF-489F-909D-C3604C9355D6}.Debug|Any CPU.ActiveCfg = Debug|Any CPU
		{052B31FE-C4AF-489F-909D-C3604C9355D6}.Debug|Any CPU.Build.0 = Debug|Any CPU
		{052B31FE-C4AF-489F-909D-C3604C9355D6}.Debug|Mixed Platforms.ActiveCfg = Debug|Any CPU
		{052B31FE-C4AF-489F-909D-C3604C9355D6}.Debug|Mixed Platforms.Build.0 = Debug|Any CPU
		{052B31FE-C4AF-489F-909D-C3604C9355D6}.Debug|x86.ActiveCfg = Debug|Any CPU
		{052B31FE-C4AF-489F-909D-C3604C9355D6}.Release|Any CPU.ActiveCfg = Release|Any CPU
		{052B31FE-C4AF-489F-909D-C3604C9355D6}.Release|Any CPU.Build.0 = Release|Any CPU
		{052B31FE-C4AF-489F-909D-C3604C9355D6}.Release|Mixed Platforms.ActiveCfg = Release|Any CPU
		{052B31FE-C4AF-489F-909D-C3604C9355D6}.Release|Mixed Platforms.Build.0 = Release|Any CPU
		{052B31FE-C4AF-489F-909D-C3604C9355D6}.Release|x86.ActiveCfg = Release|Any CPU
		{AE818F3B-EB93-4C97-9FED-C3D503BA4327}.Debug|Any CPU.ActiveCfg = Debug|Any CPU
		{AE818F3B-EB93-4C97-9FED-C3D503BA4327}.Debug|Any CPU.Build.0 = Debug|Any CPU
		{AE818F3B-EB93-4C97-9FED-C3D503BA4327}.Debug|Mixed Platforms.ActiveCfg = Debug|Any CPU
		{AE818F3B-EB93-4C97-9FED-C3D503BA4327}.Debug|Mixed Platforms.Build.0 = Debug|Any CPU
		{AE818F3B-EB93-4C97-9FED-C3D503BA4327}.Debug|x86.ActiveCfg = Debug|Any CPU
		{AE818F3B-EB93-4C97-9FED-C3D503BA4327}.Release|Any CPU.ActiveCfg = Release|Any CPU
		{AE818F3B-EB93-4C97-9FED-C3D503BA4327}.Release|Any CPU.Build.0 = Release|Any CPU
		{AE818F3B-EB93-4C97-9FED-C3D503BA4327}.Release|Mixed Platforms.ActiveCfg = Release|Any CPU
		{AE818F3B-EB93-4C97-9FED-C3D503BA4327}.Release|Mixed Platforms.Build.0 = Release|Any CPU
		{AE818F3B-EB93-4C97-9FED-C3D503BA4327}.Release|x86.ActiveCfg = Release|Any CPU
		{B0336C23-51F9-4EEB-A49B-93543F3CD1BB}.Debug|Any CPU.ActiveCfg = Debug|Any CPU
		{B0336C23-51F9-4EEB-A49B-93543F3CD1BB}.Debug|Any CPU.Build.0 = Debug|Any CPU
		{B0336C23-51F9-4EEB-A49B-93543F3CD1BB}.Debug|Mixed Platforms.ActiveCfg = Debug|Any CPU
		{B0336C23-51F9-4EEB-A49B-93543F3CD1BB}.Debug|Mixed Platforms.Build.0 = Debug|Any CPU
		{B0336C23-51F9-4EEB-A49B-93543F3CD1BB}.Debug|x86.ActiveCfg = Debug|Any CPU
		{B0336C23-51F9-4EEB-A49B-93543F3CD1BB}.Release|Any CPU.ActiveCfg = Release|Any CPU
		{B0336C23-51F9-4EEB-A49B-93543F3CD1BB}.Release|Any CPU.Build.0 = Release|Any CPU
		{B0336C23-51F9-4EEB-A49B-93543F3CD1BB}.Release|Mixed Platforms.ActiveCfg = Release|Any CPU
		{B0336C23-51F9-4EEB-A49B-93543F3CD1BB}.Release|Mixed Platforms.Build.0 = Release|Any CPU
		{B0336C23-51F9-4EEB-A49B-93543F3CD1BB}.Release|x86.ActiveCfg = Release|Any CPU
		{6FFE0480-6C42-413B-B59D-78793AC651C7}.Debug|Any CPU.ActiveCfg = Debug|Any CPU
		{6FFE0480-6C42-413B-B59D-78793AC651C7}.Debug|Any CPU.Build.0 = Debug|Any CPU
		{6FFE0480-6C42-413B-B59D-78793AC651C7}.Debug|Mixed Platforms.ActiveCfg = Debug|Any CPU
		{6FFE0480-6C42-413B-B59D-78793AC651C7}.Debug|Mixed Platforms.Build.0 = Debug|Any CPU
		{6FFE0480-6C42-413B-B59D-78793AC651C7}.Debug|x86.ActiveCfg = Debug|Any CPU
		{6FFE0480-6C42-413B-B59D-78793AC651C7}.Release|Any CPU.ActiveCfg = Release|Any CPU
		{6FFE0480-6C42-413B-B59D-78793AC651C7}.Release|Any CPU.Build.0 = Release|Any CPU
		{6FFE0480-6C42-413B-B59D-78793AC651C7}.Release|Mixed Platforms.ActiveCfg = Release|Any CPU
		{6FFE0480-6C42-413B-B59D-78793AC651C7}.Release|Mixed Platforms.Build.0 = Release|Any CPU
		{6FFE0480-6C42-413B-B59D-78793AC651C7}.Release|x86.ActiveCfg = Release|Any CPU
		{0AC5BF42-2095-4E34-A0BB-B4190DC13130}.Debug|Any CPU.ActiveCfg = Debug|Any CPU
		{0AC5BF42-2095-4E34-A0BB-B4190DC13130}.Debug|Any CPU.Build.0 = Debug|Any CPU
		{0AC5BF42-2095-4E34-A0BB-B4190DC13130}.Debug|Mixed Platforms.ActiveCfg = Debug|Any CPU
		{0AC5BF42-2095-4E34-A0BB-B4190DC13130}.Debug|Mixed Platforms.Build.0 = Debug|Any CPU
		{0AC5BF42-2095-4E34-A0BB-B4190DC13130}.Debug|x86.ActiveCfg = Debug|Any CPU
		{0AC5BF42-2095-4E34-A0BB-B4190DC13130}.Release|Any CPU.ActiveCfg = Release|Any CPU
		{0AC5BF42-2095-4E34-A0BB-B4190DC13130}.Release|Any CPU.Build.0 = Release|Any CPU
		{0AC5BF42-2095-4E34-A0BB-B4190DC13130}.Release|Mixed Platforms.ActiveCfg = Release|Any CPU
		{0AC5BF42-2095-4E34-A0BB-B4190DC13130}.Release|Mixed Platforms.Build.0 = Release|Any CPU
		{0AC5BF42-2095-4E34-A0BB-B4190DC13130}.Release|x86.ActiveCfg = Release|Any CPU
		{6F198D3D-39E5-4DE6-917E-DFB99AF31E3E}.Debug|Any CPU.ActiveCfg = Debug|Any CPU
		{6F198D3D-39E5-4DE6-917E-DFB99AF31E3E}.Debug|Any CPU.Build.0 = Debug|Any CPU
		{6F198D3D-39E5-4DE6-917E-DFB99AF31E3E}.Debug|Mixed Platforms.ActiveCfg = Debug|Any CPU
		{6F198D3D-39E5-4DE6-917E-DFB99AF31E3E}.Debug|Mixed Platforms.Build.0 = Debug|Any CPU
		{6F198D3D-39E5-4DE6-917E-DFB99AF31E3E}.Debug|x86.ActiveCfg = Debug|Any CPU
		{6F198D3D-39E5-4DE6-917E-DFB99AF31E3E}.Release|Any CPU.ActiveCfg = Release|Any CPU
		{6F198D3D-39E5-4DE6-917E-DFB99AF31E3E}.Release|Any CPU.Build.0 = Release|Any CPU
		{6F198D3D-39E5-4DE6-917E-DFB99AF31E3E}.Release|Mixed Platforms.ActiveCfg = Release|Any CPU
		{6F198D3D-39E5-4DE6-917E-DFB99AF31E3E}.Release|Mixed Platforms.Build.0 = Release|Any CPU
		{6F198D3D-39E5-4DE6-917E-DFB99AF31E3E}.Release|x86.ActiveCfg = Release|Any CPU
		{8E610388-F400-4D3E-83A2-A91A04B55558}.Debug|Any CPU.ActiveCfg = Debug|Any CPU
		{8E610388-F400-4D3E-83A2-A91A04B55558}.Debug|Any CPU.Build.0 = Debug|Any CPU
		{8E610388-F400-4D3E-83A2-A91A04B55558}.Debug|Mixed Platforms.ActiveCfg = Debug|Any CPU
		{8E610388-F400-4D3E-83A2-A91A04B55558}.Debug|Mixed Platforms.Build.0 = Debug|Any CPU
		{8E610388-F400-4D3E-83A2-A91A04B55558}.Debug|x86.ActiveCfg = Debug|Any CPU
		{8E610388-F400-4D3E-83A2-A91A04B55558}.Release|Any CPU.ActiveCfg = Release|Any CPU
		{8E610388-F400-4D3E-83A2-A91A04B55558}.Release|Any CPU.Build.0 = Release|Any CPU
		{8E610388-F400-4D3E-83A2-A91A04B55558}.Release|Mixed Platforms.ActiveCfg = Release|Any CPU
		{8E610388-F400-4D3E-83A2-A91A04B55558}.Release|Mixed Platforms.Build.0 = Release|Any CPU
		{8E610388-F400-4D3E-83A2-A91A04B55558}.Release|x86.ActiveCfg = Release|Any CPU
		{D0B46798-1A2E-420D-8B1D-1FCB3537E468}.Debug|Any CPU.ActiveCfg = Debug|Any CPU
		{D0B46798-1A2E-420D-8B1D-1FCB3537E468}.Debug|Any CPU.Build.0 = Debug|Any CPU
		{D0B46798-1A2E-420D-8B1D-1FCB3537E468}.Debug|Mixed Platforms.ActiveCfg = Debug|Any CPU
		{D0B46798-1A2E-420D-8B1D-1FCB3537E468}.Debug|Mixed Platforms.Build.0 = Debug|Any CPU
		{D0B46798-1A2E-420D-8B1D-1FCB3537E468}.Debug|x86.ActiveCfg = Debug|Any CPU
		{D0B46798-1A2E-420D-8B1D-1FCB3537E468}.Release|Any CPU.ActiveCfg = Release|Any CPU
		{D0B46798-1A2E-420D-8B1D-1FCB3537E468}.Release|Any CPU.Build.0 = Release|Any CPU
		{D0B46798-1A2E-420D-8B1D-1FCB3537E468}.Release|Mixed Platforms.ActiveCfg = Release|Any CPU
		{D0B46798-1A2E-420D-8B1D-1FCB3537E468}.Release|Mixed Platforms.Build.0 = Release|Any CPU
		{D0B46798-1A2E-420D-8B1D-1FCB3537E468}.Release|x86.ActiveCfg = Release|Any CPU
		{866C36FD-AC85-433F-9EBE-FBF288F317C8}.Debug|Any CPU.ActiveCfg = Debug|Any CPU
		{866C36FD-AC85-433F-9EBE-FBF288F317C8}.Debug|Any CPU.Build.0 = Debug|Any CPU
		{866C36FD-AC85-433F-9EBE-FBF288F317C8}.Debug|Mixed Platforms.ActiveCfg = Debug|Any CPU
		{866C36FD-AC85-433F-9EBE-FBF288F317C8}.Debug|Mixed Platforms.Build.0 = Debug|Any CPU
		{866C36FD-AC85-433F-9EBE-FBF288F317C8}.Debug|x86.ActiveCfg = Debug|Any CPU
		{866C36FD-AC85-433F-9EBE-FBF288F317C8}.Release|Any CPU.ActiveCfg = Release|Any CPU
		{866C36FD-AC85-433F-9EBE-FBF288F317C8}.Release|Any CPU.Build.0 = Release|Any CPU
		{866C36FD-AC85-433F-9EBE-FBF288F317C8}.Release|Mixed Platforms.ActiveCfg = Release|Any CPU
		{866C36FD-AC85-433F-9EBE-FBF288F317C8}.Release|Mixed Platforms.Build.0 = Release|Any CPU
		{866C36FD-AC85-433F-9EBE-FBF288F317C8}.Release|x86.ActiveCfg = Release|Any CPU
		{7516E403-040E-46A0-93F9-C15C2F31D78A}.Debug|Any CPU.ActiveCfg = Debug|Any CPU
		{7516E403-040E-46A0-93F9-C15C2F31D78A}.Debug|Any CPU.Build.0 = Debug|Any CPU
		{7516E403-040E-46A0-93F9-C15C2F31D78A}.Debug|Mixed Platforms.ActiveCfg = Debug|Any CPU
		{7516E403-040E-46A0-93F9-C15C2F31D78A}.Debug|Mixed Platforms.Build.0 = Debug|Any CPU
		{7516E403-040E-46A0-93F9-C15C2F31D78A}.Debug|x86.ActiveCfg = Debug|Any CPU
		{7516E403-040E-46A0-93F9-C15C2F31D78A}.Release|Any CPU.ActiveCfg = Release|Any CPU
		{7516E403-040E-46A0-93F9-C15C2F31D78A}.Release|Any CPU.Build.0 = Release|Any CPU
		{7516E403-040E-46A0-93F9-C15C2F31D78A}.Release|Mixed Platforms.ActiveCfg = Release|Any CPU
		{7516E403-040E-46A0-93F9-C15C2F31D78A}.Release|Mixed Platforms.Build.0 = Release|Any CPU
		{7516E403-040E-46A0-93F9-C15C2F31D78A}.Release|x86.ActiveCfg = Release|Any CPU
		{6862DE49-8A3B-4C8E-884B-831B61662B74}.Debug|Any CPU.ActiveCfg = Debug|Any CPU
		{6862DE49-8A3B-4C8E-884B-831B61662B74}.Debug|Any CPU.Build.0 = Debug|Any CPU
		{6862DE49-8A3B-4C8E-884B-831B61662B74}.Debug|Mixed Platforms.ActiveCfg = Debug|Any CPU
		{6862DE49-8A3B-4C8E-884B-831B61662B74}.Debug|Mixed Platforms.Build.0 = Debug|Any CPU
		{6862DE49-8A3B-4C8E-884B-831B61662B74}.Debug|x86.ActiveCfg = Debug|Any CPU
		{6862DE49-8A3B-4C8E-884B-831B61662B74}.Release|Any CPU.ActiveCfg = Release|Any CPU
		{6862DE49-8A3B-4C8E-884B-831B61662B74}.Release|Any CPU.Build.0 = Release|Any CPU
		{6862DE49-8A3B-4C8E-884B-831B61662B74}.Release|Mixed Platforms.ActiveCfg = Release|Any CPU
		{6862DE49-8A3B-4C8E-884B-831B61662B74}.Release|Mixed Platforms.Build.0 = Release|Any CPU
		{6862DE49-8A3B-4C8E-884B-831B61662B74}.Release|x86.ActiveCfg = Release|Any CPU
		{6C0F25A7-6468-4D02-ABA4-DC7F1AD209E1}.Debug|Any CPU.ActiveCfg = Debug|Any CPU
		{6C0F25A7-6468-4D02-ABA4-DC7F1AD209E1}.Debug|Any CPU.Build.0 = Debug|Any CPU
		{6C0F25A7-6468-4D02-ABA4-DC7F1AD209E1}.Debug|Mixed Platforms.ActiveCfg = Debug|Any CPU
		{6C0F25A7-6468-4D02-ABA4-DC7F1AD209E1}.Debug|Mixed Platforms.Build.0 = Debug|Any CPU
		{6C0F25A7-6468-4D02-ABA4-DC7F1AD209E1}.Debug|x86.ActiveCfg = Debug|Any CPU
		{6C0F25A7-6468-4D02-ABA4-DC7F1AD209E1}.Release|Any CPU.ActiveCfg = Release|Any CPU
		{6C0F25A7-6468-4D02-ABA4-DC7F1AD209E1}.Release|Any CPU.Build.0 = Release|Any CPU
		{6C0F25A7-6468-4D02-ABA4-DC7F1AD209E1}.Release|Mixed Platforms.ActiveCfg = Release|Any CPU
		{6C0F25A7-6468-4D02-ABA4-DC7F1AD209E1}.Release|Mixed Platforms.Build.0 = Release|Any CPU
		{6C0F25A7-6468-4D02-ABA4-DC7F1AD209E1}.Release|x86.ActiveCfg = Release|Any CPU
		{56A6E72B-46DE-4596-9593-38608B9B6343}.Debug|Any CPU.ActiveCfg = Debug|x86
		{56A6E72B-46DE-4596-9593-38608B9B6343}.Debug|Any CPU.Build.0 = Debug|x86
		{56A6E72B-46DE-4596-9593-38608B9B6343}.Debug|Mixed Platforms.ActiveCfg = Debug|x86
		{56A6E72B-46DE-4596-9593-38608B9B6343}.Debug|Mixed Platforms.Build.0 = Debug|x86
		{56A6E72B-46DE-4596-9593-38608B9B6343}.Debug|x86.ActiveCfg = Debug|x86
		{56A6E72B-46DE-4596-9593-38608B9B6343}.Debug|x86.Build.0 = Debug|x86
		{56A6E72B-46DE-4596-9593-38608B9B6343}.Release|Any CPU.ActiveCfg = Release|x86
		{56A6E72B-46DE-4596-9593-38608B9B6343}.Release|Any CPU.Build.0 = Release|x86
		{56A6E72B-46DE-4596-9593-38608B9B6343}.Release|Mixed Platforms.ActiveCfg = Release|x86
		{56A6E72B-46DE-4596-9593-38608B9B6343}.Release|Mixed Platforms.Build.0 = Release|x86
		{56A6E72B-46DE-4596-9593-38608B9B6343}.Release|x86.ActiveCfg = Release|x86
		{56A6E72B-46DE-4596-9593-38608B9B6343}.Release|x86.Build.0 = Release|x86
		{9001CBEA-480E-446A-A20E-EEEDDD99845D}.Debug|Any CPU.ActiveCfg = Debug|Any CPU
		{9001CBEA-480E-446A-A20E-EEEDDD99845D}.Debug|Any CPU.Build.0 = Debug|Any CPU
		{9001CBEA-480E-446A-A20E-EEEDDD99845D}.Debug|Mixed Platforms.ActiveCfg = Debug|Any CPU
		{9001CBEA-480E-446A-A20E-EEEDDD99845D}.Debug|Mixed Platforms.Build.0 = Debug|Any CPU
		{9001CBEA-480E-446A-A20E-EEEDDD99845D}.Debug|x86.ActiveCfg = Debug|Any CPU
		{9001CBEA-480E-446A-A20E-EEEDDD99845D}.Release|Any CPU.ActiveCfg = Release|Any CPU
		{9001CBEA-480E-446A-A20E-EEEDDD99845D}.Release|Any CPU.Build.0 = Release|Any CPU
		{9001CBEA-480E-446A-A20E-EEEDDD99845D}.Release|Mixed Platforms.ActiveCfg = Release|Any CPU
		{9001CBEA-480E-446A-A20E-EEEDDD99845D}.Release|Mixed Platforms.Build.0 = Release|Any CPU
		{9001CBEA-480E-446A-A20E-EEEDDD99845D}.Release|x86.ActiveCfg = Release|Any CPU
		{FCF0A188-8FE8-4046-8D60-ADE8897EE7BB}.Debug|Any CPU.ActiveCfg = Debug|Any CPU
		{FCF0A188-8FE8-4046-8D60-ADE8897EE7BB}.Debug|Any CPU.Build.0 = Debug|Any CPU
		{FCF0A188-8FE8-4046-8D60-ADE8897EE7BB}.Debug|Mixed Platforms.ActiveCfg = Debug|Any CPU
		{FCF0A188-8FE8-4046-8D60-ADE8897EE7BB}.Debug|Mixed Platforms.Build.0 = Debug|Any CPU
		{FCF0A188-8FE8-4046-8D60-ADE8897EE7BB}.Debug|x86.ActiveCfg = Debug|Any CPU
		{FCF0A188-8FE8-4046-8D60-ADE8897EE7BB}.Release|Any CPU.ActiveCfg = Release|Any CPU
		{FCF0A188-8FE8-4046-8D60-ADE8897EE7BB}.Release|Any CPU.Build.0 = Release|Any CPU
		{FCF0A188-8FE8-4046-8D60-ADE8897EE7BB}.Release|Mixed Platforms.ActiveCfg = Release|Any CPU
		{FCF0A188-8FE8-4046-8D60-ADE8897EE7BB}.Release|Mixed Platforms.Build.0 = Release|Any CPU
		{FCF0A188-8FE8-4046-8D60-ADE8897EE7BB}.Release|x86.ActiveCfg = Release|Any CPU
		{97C12498-7A6E-4A87-8889-C965509443E8}.Debug|Any CPU.ActiveCfg = Debug|Any CPU
		{97C12498-7A6E-4A87-8889-C965509443E8}.Debug|Any CPU.Build.0 = Debug|Any CPU
		{97C12498-7A6E-4A87-8889-C965509443E8}.Debug|Mixed Platforms.ActiveCfg = Debug|Any CPU
		{97C12498-7A6E-4A87-8889-C965509443E8}.Debug|Mixed Platforms.Build.0 = Debug|Any CPU
		{97C12498-7A6E-4A87-8889-C965509443E8}.Debug|x86.ActiveCfg = Debug|Any CPU
		{97C12498-7A6E-4A87-8889-C965509443E8}.Release|Any CPU.ActiveCfg = Release|Any CPU
		{97C12498-7A6E-4A87-8889-C965509443E8}.Release|Any CPU.Build.0 = Release|Any CPU
		{97C12498-7A6E-4A87-8889-C965509443E8}.Release|Mixed Platforms.ActiveCfg = Release|Any CPU
		{97C12498-7A6E-4A87-8889-C965509443E8}.Release|Mixed Platforms.Build.0 = Release|Any CPU
		{97C12498-7A6E-4A87-8889-C965509443E8}.Release|x86.ActiveCfg = Release|Any CPU
		{994EA6CD-8E19-4D1E-860B-05CAE5A78862}.Debug|Any CPU.ActiveCfg = Debug|Any CPU
		{994EA6CD-8E19-4D1E-860B-05CAE5A78862}.Debug|Any CPU.Build.0 = Debug|Any CPU
		{994EA6CD-8E19-4D1E-860B-05CAE5A78862}.Debug|Mixed Platforms.ActiveCfg = Debug|Any CPU
		{994EA6CD-8E19-4D1E-860B-05CAE5A78862}.Debug|Mixed Platforms.Build.0 = Debug|Any CPU
		{994EA6CD-8E19-4D1E-860B-05CAE5A78862}.Debug|x86.ActiveCfg = Debug|Any CPU
		{994EA6CD-8E19-4D1E-860B-05CAE5A78862}.Release|Any CPU.ActiveCfg = Release|Any CPU
		{994EA6CD-8E19-4D1E-860B-05CAE5A78862}.Release|Any CPU.Build.0 = Release|Any CPU
		{994EA6CD-8E19-4D1E-860B-05CAE5A78862}.Release|Mixed Platforms.ActiveCfg = Release|Any CPU
		{994EA6CD-8E19-4D1E-860B-05CAE5A78862}.Release|Mixed Platforms.Build.0 = Release|Any CPU
		{994EA6CD-8E19-4D1E-860B-05CAE5A78862}.Release|x86.ActiveCfg = Release|Any CPU
		{03C74024-9C12-4C18-B782-16DA9559A42F}.Debug|Any CPU.ActiveCfg = Debug|Any CPU
		{03C74024-9C12-4C18-B782-16DA9559A42F}.Debug|Any CPU.Build.0 = Debug|Any CPU
		{03C74024-9C12-4C18-B782-16DA9559A42F}.Debug|Mixed Platforms.ActiveCfg = Debug|Any CPU
		{03C74024-9C12-4C18-B782-16DA9559A42F}.Debug|Mixed Platforms.Build.0 = Debug|Any CPU
		{03C74024-9C12-4C18-B782-16DA9559A42F}.Debug|x86.ActiveCfg = Debug|Any CPU
		{03C74024-9C12-4C18-B782-16DA9559A42F}.Release|Any CPU.ActiveCfg = Release|Any CPU
		{03C74024-9C12-4C18-B782-16DA9559A42F}.Release|Any CPU.Build.0 = Release|Any CPU
		{03C74024-9C12-4C18-B782-16DA9559A42F}.Release|Mixed Platforms.ActiveCfg = Release|Any CPU
		{03C74024-9C12-4C18-B782-16DA9559A42F}.Release|Mixed Platforms.Build.0 = Release|Any CPU
		{03C74024-9C12-4C18-B782-16DA9559A42F}.Release|x86.ActiveCfg = Release|Any CPU
		{594C9ECA-B1A4-4A19-817E-B03306498F34}.Debug|Any CPU.ActiveCfg = Debug|Any CPU
		{594C9ECA-B1A4-4A19-817E-B03306498F34}.Debug|Any CPU.Build.0 = Debug|Any CPU
		{594C9ECA-B1A4-4A19-817E-B03306498F34}.Debug|Mixed Platforms.ActiveCfg = Debug|Any CPU
		{594C9ECA-B1A4-4A19-817E-B03306498F34}.Debug|Mixed Platforms.Build.0 = Debug|Any CPU
		{594C9ECA-B1A4-4A19-817E-B03306498F34}.Debug|x86.ActiveCfg = Debug|Any CPU
		{594C9ECA-B1A4-4A19-817E-B03306498F34}.Release|Any CPU.ActiveCfg = Release|Any CPU
		{594C9ECA-B1A4-4A19-817E-B03306498F34}.Release|Any CPU.Build.0 = Release|Any CPU
		{594C9ECA-B1A4-4A19-817E-B03306498F34}.Release|Mixed Platforms.ActiveCfg = Release|Any CPU
		{594C9ECA-B1A4-4A19-817E-B03306498F34}.Release|Mixed Platforms.Build.0 = Release|Any CPU
		{594C9ECA-B1A4-4A19-817E-B03306498F34}.Release|x86.ActiveCfg = Release|Any CPU
		{B6F43DD4-B70B-4F1A-9005-BC0B553A21BB}.Debug|Any CPU.ActiveCfg = Debug|Any CPU
		{B6F43DD4-B70B-4F1A-9005-BC0B553A21BB}.Debug|Any CPU.Build.0 = Debug|Any CPU
		{B6F43DD4-B70B-4F1A-9005-BC0B553A21BB}.Debug|Mixed Platforms.ActiveCfg = Debug|Any CPU
		{B6F43DD4-B70B-4F1A-9005-BC0B553A21BB}.Debug|Mixed Platforms.Build.0 = Debug|Any CPU
		{B6F43DD4-B70B-4F1A-9005-BC0B553A21BB}.Debug|x86.ActiveCfg = Debug|Any CPU
		{B6F43DD4-B70B-4F1A-9005-BC0B553A21BB}.Release|Any CPU.ActiveCfg = Release|Any CPU
		{B6F43DD4-B70B-4F1A-9005-BC0B553A21BB}.Release|Any CPU.Build.0 = Release|Any CPU
		{B6F43DD4-B70B-4F1A-9005-BC0B553A21BB}.Release|Mixed Platforms.ActiveCfg = Release|Any CPU
		{B6F43DD4-B70B-4F1A-9005-BC0B553A21BB}.Release|Mixed Platforms.Build.0 = Release|Any CPU
		{B6F43DD4-B70B-4F1A-9005-BC0B553A21BB}.Release|x86.ActiveCfg = Release|Any CPU
		{4DC66DB3-7DAC-442A-AED8-4420EF8A1B95}.Debug|Any CPU.ActiveCfg = Debug|Any CPU
		{4DC66DB3-7DAC-442A-AED8-4420EF8A1B95}.Debug|Any CPU.Build.0 = Debug|Any CPU
		{4DC66DB3-7DAC-442A-AED8-4420EF8A1B95}.Debug|Mixed Platforms.ActiveCfg = Debug|Any CPU
		{4DC66DB3-7DAC-442A-AED8-4420EF8A1B95}.Debug|Mixed Platforms.Build.0 = Debug|Any CPU
		{4DC66DB3-7DAC-442A-AED8-4420EF8A1B95}.Debug|x86.ActiveCfg = Debug|Any CPU
		{4DC66DB3-7DAC-442A-AED8-4420EF8A1B95}.Release|Any CPU.ActiveCfg = Release|Any CPU
		{4DC66DB3-7DAC-442A-AED8-4420EF8A1B95}.Release|Any CPU.Build.0 = Release|Any CPU
		{4DC66DB3-7DAC-442A-AED8-4420EF8A1B95}.Release|Mixed Platforms.ActiveCfg = Release|Any CPU
		{4DC66DB3-7DAC-442A-AED8-4420EF8A1B95}.Release|Mixed Platforms.Build.0 = Release|Any CPU
		{4DC66DB3-7DAC-442A-AED8-4420EF8A1B95}.Release|x86.ActiveCfg = Release|Any CPU
	EndGlobalSection
	GlobalSection(SolutionProperties) = preSolution
		HideSolutionNode = FALSE
	EndGlobalSection
	GlobalSection(NestedProjects) = preSolution
		{ABC4E729-8CC6-40C1-B05D-6300B64C802D} = {8FEF7F8E-A44A-4B76-8328-01A7D85AAC8D}
		{69F234FD-2BE9-4831-BDFD-AC63A2C3DC9C} = {8FEF7F8E-A44A-4B76-8328-01A7D85AAC8D}
		{1C0535CE-8DCE-4E39-87B6-2D8D020A91DB} = {8FEF7F8E-A44A-4B76-8328-01A7D85AAC8D}
		{6C45425E-6768-42E3-B0A5-4D603EB14426} = {ABC4E729-8CC6-40C1-B05D-6300B64C802D}
		{0AC5BF42-2095-4E34-A0BB-B4190DC13130} = {AB81340A-660F-49E4-B16D-CF3CBE6E03D5}
		{CDA0FB2F-C9A3-4D22-ACAD-B68ED5F3B236} = {AB81340A-660F-49E4-B16D-CF3CBE6E03D5}
		{4BDC5D1E-38E6-4D27-B8E9-EAA7C67AE579} = {FAAD4758-1D4A-4F7F-B0A2-EFA197ACDC41}
		{56A6E72B-46DE-4596-9593-38608B9B6343} = {3635B786-9322-41D1-9BA6-DDA928668B7E}
		{97C12498-7A6E-4A87-8889-C965509443E8} = {3635B786-9322-41D1-9BA6-DDA928668B7E}
		{B94AF1AE-B71D-4787-B47E-CE4FD6329679} = {69F234FD-2BE9-4831-BDFD-AC63A2C3DC9C}
		{052B31FE-C4AF-489F-909D-C3604C9355D6} = {69F234FD-2BE9-4831-BDFD-AC63A2C3DC9C}
		{AE818F3B-EB93-4C97-9FED-C3D503BA4327} = {69F234FD-2BE9-4831-BDFD-AC63A2C3DC9C}
		{6FFE0480-6C42-413B-B59D-78793AC651C7} = {69F234FD-2BE9-4831-BDFD-AC63A2C3DC9C}
		{8E610388-F400-4D3E-83A2-A91A04B55558} = {69F234FD-2BE9-4831-BDFD-AC63A2C3DC9C}
		{D0B46798-1A2E-420D-8B1D-1FCB3537E468} = {69F234FD-2BE9-4831-BDFD-AC63A2C3DC9C}
		{9001CBEA-480E-446A-A20E-EEEDDD99845D} = {69F234FD-2BE9-4831-BDFD-AC63A2C3DC9C}
		{FCF0A188-8FE8-4046-8D60-ADE8897EE7BB} = {69F234FD-2BE9-4831-BDFD-AC63A2C3DC9C}
		{03C74024-9C12-4C18-B782-16DA9559A42F} = {69F234FD-2BE9-4831-BDFD-AC63A2C3DC9C}
		{B6F43DD4-B70B-4F1A-9005-BC0B553A21BB} = {69F234FD-2BE9-4831-BDFD-AC63A2C3DC9C}
		{4DC66DB3-7DAC-442A-AED8-4420EF8A1B95} = {69F234FD-2BE9-4831-BDFD-AC63A2C3DC9C}
		{B0336C23-51F9-4EEB-A49B-93543F3CD1BB} = {4BDC5D1E-38E6-4D27-B8E9-EAA7C67AE579}
		{6F198D3D-39E5-4DE6-917E-DFB99AF31E3E} = {4BDC5D1E-38E6-4D27-B8E9-EAA7C67AE579}
		{6C0F25A7-6468-4D02-ABA4-DC7F1AD209E1} = {4BDC5D1E-38E6-4D27-B8E9-EAA7C67AE579}
		{866C36FD-AC85-433F-9EBE-FBF288F317C8} = {CDA0FB2F-C9A3-4D22-ACAD-B68ED5F3B236}
		{7516E403-040E-46A0-93F9-C15C2F31D78A} = {CDA0FB2F-C9A3-4D22-ACAD-B68ED5F3B236}
		{6862DE49-8A3B-4C8E-884B-831B61662B74} = {CDA0FB2F-C9A3-4D22-ACAD-B68ED5F3B236}
		{594C9ECA-B1A4-4A19-817E-B03306498F34} = {CDA0FB2F-C9A3-4D22-ACAD-B68ED5F3B236}
		{994EA6CD-8E19-4D1E-860B-05CAE5A78862} = {1C0535CE-8DCE-4E39-87B6-2D8D020A91DB}
	EndGlobalSection
EndGlobal
